
Microsoft Visual Studio Solution File, Format Version 12.00
# Visual Studio Version 16
VisualStudioVersion = 16.0.30011.22
MinimumVisualStudioVersion = 10.0.40219.1
Project("{2150E333-8FDC-42A3-9474-1A3956D46DE8}") = "dev", "dev", "{448ED2E5-0B37-4D97-9E6B-8C10A507976A}"
EndProject
Project("{2150E333-8FDC-42A3-9474-1A3956D46DE8}") = "docs", "docs", "{F3659DFF-232D-46E0-967E-61FCC9A1132F}"
	ProjectSection(SolutionItems) = preProject
		docs\contributor-guide.md = docs\contributor-guide.md
		docs\faq.md = docs\faq.md
		docs\README.md = docs\README.md
		docs\roadmap.md = docs\roadmap.md
	EndProjectSection
EndProject
Project("{2150E333-8FDC-42A3-9474-1A3956D46DE8}") = "test", "test", "{8630F7AA-2969-4DC9-8700-9B468C1DC21D}"
EndProject
Project("{8BC9CEB8-8B4A-11D0-8D11-00A0C91BC942}") = "CppShared", "test\CppShared\CppShared.vcxitems", "{682DED8C-3A27-48CD-866D-E853EA2024DE}"
EndProject
Project("{8BC9CEB8-8B4A-11D0-8D11-00A0C91BC942}") = "ProjectReunion_DLL", "dev\ProjectReunion_DLL\ProjectReunion_DLL.vcxproj", "{B73AD907-6164-4294-88FB-F3C9C10DA1F1}"
EndProject
Project("{8BC9CEB8-8B4A-11D0-8D11-00A0C91BC942}") = "CppTest", "test\CppTest\CppTest.vcxproj", "{C62688A1-16A0-4729-B6ED-842F4FAA29F3}"
EndProject
Project("{2150E333-8FDC-42A3-9474-1A3956D46DE8}") = "AppLifecycle", "AppLifecycle", "{3DE93B2F-F887-437D-B512-6B1024ABA290}"
EndProject
Project("{8BC9CEB8-8B4A-11D0-8D11-00A0C91BC942}") = "AppLifecycle", "dev\AppLifecycle\AppLifecycle.vcxitems", "{E3A522A3-6635-4A42-BDED-1AF46A15F63C}"
EndProject
Project("{8BC9CEB8-8B4A-11D0-8D11-00A0C91BC942}") = "AppLifecycle", "test\AppLifecycle\AppLifecycle.vcxitems", "{80E07022-9E99-44FE-B875-901FB6C82F52}"
EndProject
Project("{2150E333-8FDC-42A3-9474-1A3956D46DE8}") = "TestApps", "TestApps", "{AC5FFC80-92FE-4933-BED2-EC5519AC4440}"
EndProject
Project("{8BC9CEB8-8B4A-11D0-8D11-00A0C91BC942}") = "inc", "test\inc\inc.vcxitems", "{B567FE2E-3A03-48D0-B2B5-760CDEC35891}"
EndProject
Project("{8BC9CEB8-8B4A-11D0-8D11-00A0C91BC942}") = "AppLifecycleTestApp", "test\TestApps\AppLifecycleTestApp\AppLifecycleTestApp.vcxproj", "{7C502995-59C3-483B-86BA-815985353633}"
EndProject
Global
	GlobalSection(SharedMSBuildProjectFiles) = preSolution
		test\CppShared\CppShared.vcxitems*{682ded8c-3a27-48cd-866d-e853ea2024de}*SharedItemsImports = 9
		test\inc\inc.vcxitems*{7c502995-59c3-483b-86ba-815985353633}*SharedItemsImports = 4
		test\AppLifecycle\AppLifecycle.vcxitems*{80e07022-9e99-44fe-b875-901fb6c82f52}*SharedItemsImports = 9
		test\inc\inc.vcxitems*{b567fe2e-3a03-48d0-b2b5-760cdec35891}*SharedItemsImports = 9
		test\CppShared\CppShared.vcxitems*{c62688a1-16a0-4729-b6ed-842f4faa29f3}*SharedItemsImports = 4
		test\inc\inc.vcxitems*{c62688a1-16a0-4729-b6ed-842f4faa29f3}*SharedItemsImports = 4
		dev\AppLifecycle\AppLifecycle.vcxitems*{e3a522a3-6635-4a42-bded-1af46a15f63c}*SharedItemsImports = 9
	EndGlobalSection
	GlobalSection(SolutionConfigurationPlatforms) = preSolution
		Debug_test|Any CPU = Debug_test|Any CPU
		Debug_test|ARM = Debug_test|ARM
		Debug_test|ARM64 = Debug_test|ARM64
		Debug_test|x64 = Debug_test|x64
		Debug_test|x86 = Debug_test|x86
		Debug|Any CPU = Debug|Any CPU
		Debug|ARM = Debug|ARM
		Debug|ARM64 = Debug|ARM64
		Debug|x64 = Debug|x64
		Debug|x86 = Debug|x86
		Release|Any CPU = Release|Any CPU
		Release|ARM = Release|ARM
		Release|ARM64 = Release|ARM64
		Release|x64 = Release|x64
		Release|x86 = Release|x86
	EndGlobalSection
	GlobalSection(ProjectConfigurationPlatforms) = postSolution
		{B73AD907-6164-4294-88FB-F3C9C10DA1F1}.Debug_test|Any CPU.ActiveCfg = Release|Win32
		{B73AD907-6164-4294-88FB-F3C9C10DA1F1}.Debug_test|Any CPU.Build.0 = Release|Win32
		{B73AD907-6164-4294-88FB-F3C9C10DA1F1}.Debug_test|ARM.ActiveCfg = Debug|ARM
		{B73AD907-6164-4294-88FB-F3C9C10DA1F1}.Debug_test|ARM.Build.0 = Debug|ARM
		{B73AD907-6164-4294-88FB-F3C9C10DA1F1}.Debug_test|ARM64.ActiveCfg = Debug|ARM64
		{B73AD907-6164-4294-88FB-F3C9C10DA1F1}.Debug_test|ARM64.Build.0 = Debug|ARM64
		{B73AD907-6164-4294-88FB-F3C9C10DA1F1}.Debug_test|x64.ActiveCfg = Debug|x64
		{B73AD907-6164-4294-88FB-F3C9C10DA1F1}.Debug_test|x64.Build.0 = Debug|x64
		{B73AD907-6164-4294-88FB-F3C9C10DA1F1}.Debug_test|x86.ActiveCfg = Debug|Win32
		{B73AD907-6164-4294-88FB-F3C9C10DA1F1}.Debug_test|x86.Build.0 = Debug|Win32
		{B73AD907-6164-4294-88FB-F3C9C10DA1F1}.Debug|Any CPU.ActiveCfg = Debug|Win32
		{B73AD907-6164-4294-88FB-F3C9C10DA1F1}.Debug|ARM.ActiveCfg = Debug|ARM
		{B73AD907-6164-4294-88FB-F3C9C10DA1F1}.Debug|ARM.Build.0 = Debug|ARM
		{B73AD907-6164-4294-88FB-F3C9C10DA1F1}.Debug|ARM64.ActiveCfg = Debug|ARM64
		{B73AD907-6164-4294-88FB-F3C9C10DA1F1}.Debug|ARM64.Build.0 = Debug|ARM64
		{B73AD907-6164-4294-88FB-F3C9C10DA1F1}.Debug|x64.ActiveCfg = Debug|x64
		{B73AD907-6164-4294-88FB-F3C9C10DA1F1}.Debug|x64.Build.0 = Debug|x64
		{B73AD907-6164-4294-88FB-F3C9C10DA1F1}.Debug|x86.ActiveCfg = Debug|Win32
		{B73AD907-6164-4294-88FB-F3C9C10DA1F1}.Debug|x86.Build.0 = Debug|Win32
		{B73AD907-6164-4294-88FB-F3C9C10DA1F1}.Release|Any CPU.ActiveCfg = Release|Win32
		{B73AD907-6164-4294-88FB-F3C9C10DA1F1}.Release|ARM.ActiveCfg = Release|ARM
		{B73AD907-6164-4294-88FB-F3C9C10DA1F1}.Release|ARM.Build.0 = Release|ARM
		{B73AD907-6164-4294-88FB-F3C9C10DA1F1}.Release|ARM64.ActiveCfg = Release|ARM64
		{B73AD907-6164-4294-88FB-F3C9C10DA1F1}.Release|ARM64.Build.0 = Release|ARM64
		{B73AD907-6164-4294-88FB-F3C9C10DA1F1}.Release|x64.ActiveCfg = Release|x64
		{B73AD907-6164-4294-88FB-F3C9C10DA1F1}.Release|x64.Build.0 = Release|x64
		{B73AD907-6164-4294-88FB-F3C9C10DA1F1}.Release|x86.ActiveCfg = Release|Win32
		{B73AD907-6164-4294-88FB-F3C9C10DA1F1}.Release|x86.Build.0 = Release|Win32
		{C62688A1-16A0-4729-B6ED-842F4FAA29F3}.Debug_test|Any CPU.ActiveCfg = Release|Win32
		{C62688A1-16A0-4729-B6ED-842F4FAA29F3}.Debug_test|Any CPU.Build.0 = Release|Win32
		{C62688A1-16A0-4729-B6ED-842F4FAA29F3}.Debug_test|ARM.ActiveCfg = Debug|ARM
		{C62688A1-16A0-4729-B6ED-842F4FAA29F3}.Debug_test|ARM.Build.0 = Debug|ARM
		{C62688A1-16A0-4729-B6ED-842F4FAA29F3}.Debug_test|ARM64.ActiveCfg = Debug|ARM64
		{C62688A1-16A0-4729-B6ED-842F4FAA29F3}.Debug_test|ARM64.Build.0 = Debug|ARM64
		{C62688A1-16A0-4729-B6ED-842F4FAA29F3}.Debug_test|x64.ActiveCfg = Debug|x64
		{C62688A1-16A0-4729-B6ED-842F4FAA29F3}.Debug_test|x64.Build.0 = Debug|x64
		{C62688A1-16A0-4729-B6ED-842F4FAA29F3}.Debug_test|x86.ActiveCfg = Debug|Win32
		{C62688A1-16A0-4729-B6ED-842F4FAA29F3}.Debug_test|x86.Build.0 = Debug|Win32
		{C62688A1-16A0-4729-B6ED-842F4FAA29F3}.Debug|Any CPU.ActiveCfg = Debug|Win32
		{C62688A1-16A0-4729-B6ED-842F4FAA29F3}.Debug|ARM.ActiveCfg = Debug|ARM
		{C62688A1-16A0-4729-B6ED-842F4FAA29F3}.Debug|ARM.Build.0 = Debug|ARM
		{C62688A1-16A0-4729-B6ED-842F4FAA29F3}.Debug|ARM64.ActiveCfg = Debug|ARM64
		{C62688A1-16A0-4729-B6ED-842F4FAA29F3}.Debug|x64.ActiveCfg = Debug|x64
		{C62688A1-16A0-4729-B6ED-842F4FAA29F3}.Debug|x64.Build.0 = Debug|x64
		{C62688A1-16A0-4729-B6ED-842F4FAA29F3}.Debug|x86.ActiveCfg = Debug|Win32
		{C62688A1-16A0-4729-B6ED-842F4FAA29F3}.Debug|x86.Build.0 = Debug|Win32
		{C62688A1-16A0-4729-B6ED-842F4FAA29F3}.Release|Any CPU.ActiveCfg = Release|Win32
		{C62688A1-16A0-4729-B6ED-842F4FAA29F3}.Release|ARM.ActiveCfg = Release|ARM
		{C62688A1-16A0-4729-B6ED-842F4FAA29F3}.Release|ARM.Build.0 = Release|ARM
		{C62688A1-16A0-4729-B6ED-842F4FAA29F3}.Release|ARM64.ActiveCfg = Release|ARM64
		{C62688A1-16A0-4729-B6ED-842F4FAA29F3}.Release|x64.ActiveCfg = Release|x64
		{C62688A1-16A0-4729-B6ED-842F4FAA29F3}.Release|x64.Build.0 = Release|x64
		{C62688A1-16A0-4729-B6ED-842F4FAA29F3}.Release|x86.ActiveCfg = Release|Win32
		{C62688A1-16A0-4729-B6ED-842F4FAA29F3}.Release|x86.Build.0 = Release|Win32
		{7C502995-59C3-483B-86BA-815985353633}.Debug_test|Any CPU.ActiveCfg = Release|Win32
		{7C502995-59C3-483B-86BA-815985353633}.Debug_test|Any CPU.Build.0 = Release|Win32
		{7C502995-59C3-483B-86BA-815985353633}.Debug_test|ARM.ActiveCfg = Debug|ARM
		{7C502995-59C3-483B-86BA-815985353633}.Debug_test|ARM.Build.0 = Debug|ARM
		{7C502995-59C3-483B-86BA-815985353633}.Debug_test|ARM64.ActiveCfg = Debug|ARM64
		{7C502995-59C3-483B-86BA-815985353633}.Debug_test|ARM64.Build.0 = Debug|ARM64
		{7C502995-59C3-483B-86BA-815985353633}.Debug_test|x64.ActiveCfg = Debug|x64
		{7C502995-59C3-483B-86BA-815985353633}.Debug_test|x64.Build.0 = Debug|x64
		{7C502995-59C3-483B-86BA-815985353633}.Debug_test|x86.ActiveCfg = Debug|Win32
		{7C502995-59C3-483B-86BA-815985353633}.Debug_test|x86.Build.0 = Debug|Win32
		{7C502995-59C3-483B-86BA-815985353633}.Debug|Any CPU.ActiveCfg = Debug|Win32
		{7C502995-59C3-483B-86BA-815985353633}.Debug|ARM.ActiveCfg = Debug|ARM
		{7C502995-59C3-483B-86BA-815985353633}.Debug|ARM.Build.0 = Debug|ARM
		{7C502995-59C3-483B-86BA-815985353633}.Debug|ARM64.ActiveCfg = Debug|ARM64
		{7C502995-59C3-483B-86BA-815985353633}.Debug|ARM64.Build.0 = Debug|ARM64
		{7C502995-59C3-483B-86BA-815985353633}.Debug|x64.ActiveCfg = Debug|x64
		{7C502995-59C3-483B-86BA-815985353633}.Debug|x64.Build.0 = Debug|x64
		{7C502995-59C3-483B-86BA-815985353633}.Debug|x86.ActiveCfg = Debug|Win32
		{7C502995-59C3-483B-86BA-815985353633}.Debug|x86.Build.0 = Debug|Win32
		{7C502995-59C3-483B-86BA-815985353633}.Release|Any CPU.ActiveCfg = Release|Win32
		{7C502995-59C3-483B-86BA-815985353633}.Release|ARM.ActiveCfg = Release|ARM
		{7C502995-59C3-483B-86BA-815985353633}.Release|ARM.Build.0 = Release|ARM
		{7C502995-59C3-483B-86BA-815985353633}.Release|ARM64.ActiveCfg = Release|ARM64
		{7C502995-59C3-483B-86BA-815985353633}.Release|ARM64.Build.0 = Release|ARM64
		{7C502995-59C3-483B-86BA-815985353633}.Release|x64.ActiveCfg = Release|x64
		{7C502995-59C3-483B-86BA-815985353633}.Release|x64.Build.0 = Release|x64
		{7C502995-59C3-483B-86BA-815985353633}.Release|x86.ActiveCfg = Release|Win32
		{7C502995-59C3-483B-86BA-815985353633}.Release|x86.Build.0 = Release|Win32
	EndGlobalSection
	GlobalSection(SolutionProperties) = preSolution
		HideSolutionNode = FALSE
	EndGlobalSection
	GlobalSection(NestedProjects) = preSolution
		{682DED8C-3A27-48CD-866D-E853EA2024DE} = {8630F7AA-2969-4DC9-8700-9B468C1DC21D}
		{B73AD907-6164-4294-88FB-F3C9C10DA1F1} = {448ED2E5-0B37-4D97-9E6B-8C10A507976A}
		{C62688A1-16A0-4729-B6ED-842F4FAA29F3} = {8630F7AA-2969-4DC9-8700-9B468C1DC21D}
		{3DE93B2F-F887-437D-B512-6B1024ABA290} = {448ED2E5-0B37-4D97-9E6B-8C10A507976A}
		{E3A522A3-6635-4A42-BDED-1AF46A15F63C} = {3DE93B2F-F887-437D-B512-6B1024ABA290}
		{80E07022-9E99-44FE-B875-901FB6C82F52} = {8630F7AA-2969-4DC9-8700-9B468C1DC21D}
		{AC5FFC80-92FE-4933-BED2-EC5519AC4440} = {8630F7AA-2969-4DC9-8700-9B468C1DC21D}
		{B567FE2E-3A03-48D0-B2B5-760CDEC35891} = {8630F7AA-2969-4DC9-8700-9B468C1DC21D}
		{7C502995-59C3-483B-86BA-815985353633} = {AC5FFC80-92FE-4933-BED2-EC5519AC4440}
	EndGlobalSection
	GlobalSection(ExtensibilityGlobals) = postSolution
		SolutionGuid = {4B3D7591-CFEC-4762-9A07-ABE99938FB77}
	EndGlobalSection
EndGlobal
