
Microsoft Visual Studio Solution File, Format Version 12.00
# Visual Studio Version 17
VisualStudioVersion = 17.2.32616.157
MinimumVisualStudioVersion = 10.0.40219.1
Project("{8BC9CEB8-8B4A-11D0-8D11-00A0C91BC942}") = "MRM", "Core\src\MRM.vcxproj", "{CF03CC8D-FFF1-4CDC-B773-D219AD4E6F76}"
EndProject
Project("{8BC9CEB8-8B4A-11D0-8D11-00A0C91BC942}") = "MrmUnitTest", "Core\UnitTests\MrmUnitTest.vcxproj", "{8CCB01A9-5C32-4000-86C3-3DFF5FFABEF1}"
EndProject
Project("{FAE04EC0-301F-11D3-BF4B-00C04F79EFBC}") = "MrtCoreManagedTest", "Microsoft.Windows.ApplicationModel.Resources\unittests\MrtCoreManagedTest.csproj", "{ED418091-1095-4873-80E5-2F36C9E763DC}"
EndProject
Project("{8BC9CEB8-8B4A-11D0-8D11-00A0C91BC942}") = "Microsoft.Windows.ApplicationModel.Resources", "Microsoft.Windows.ApplicationModel.Resources\src\Microsoft.Windows.ApplicationModel.Resources.vcxproj", "{9B3B03BC-1BC0-43EA-B3FF-D5214F3CF5CF}"
EndProject
Project("{8BC9CEB8-8B4A-11D0-8D11-00A0C91BC942}") = "mrmmin", "mrm\mrmmin\mrmmin.vcxproj", "{AB199369-87E7-44B4-AE83-7CF5C068EFEB}"
EndProject
Project("{8BC9CEB8-8B4A-11D0-8D11-00A0C91BC942}") = "mrmex", "mrm\mrmex\mrmex.vcxproj", "{C3DBE42D-246E-45F1-8B66-8A8556C0784B}"
EndProject
Project("{8BC9CEB8-8B4A-11D0-8D11-00A0C91BC942}") = "MrmBaseUnitTests", "mrm\UnitTests\MrmBaseUnitTests.vcxproj", "{81A9F38A-2982-444B-9A57-3D56A5BD756E}"
EndProject
Project("{9A19103F-16F7-4668-BE54-9A1E7A4F7556}") = "Microsoft.Windows.ApplicationModel.Resources.Projection", "Microsoft.Windows.ApplicationModel.Resources\projection\Microsoft.Windows.ApplicationModel.Resources.Projection.csproj", "{42876BA9-25BB-46E7-9EE1-CA5FDF703C72}"
EndProject
Project("{FAE04EC0-301F-11D3-BF4B-00C04F79EFBC}") = "MrtCoreUnpackagedTests", "Microsoft.Windows.ApplicationModel.Resources\UnpackagedTests\MrtCoreUnpackagedTests.csproj", "{3C618444-4B80-492E-8972-BFAEF8700A52}"
EndProject
Project("{9A19103F-16F7-4668-BE54-9A1E7A4F7556}") = "Microsoft.FrameworkUdk.PackageReference", "..\..\..\eng\PackageReference\FrameworkUdk\Microsoft.FrameworkUdk.PackageReference.csproj", "{4E965899-43FD-4654-9613-15E8EB574E01}"
EndProject
Global
	GlobalSection(SolutionConfigurationPlatforms) = preSolution
		Debug|ARM = Debug|ARM
		Debug|ARM64 = Debug|ARM64
		Debug|x64 = Debug|x64
		Debug|x86 = Debug|x86
		Release|ARM = Release|ARM
		Release|ARM64 = Release|ARM64
		Release|x64 = Release|x64
		Release|x86 = Release|x86
	EndGlobalSection
	GlobalSection(ProjectConfigurationPlatforms) = postSolution
		{CF03CC8D-FFF1-4CDC-B773-D219AD4E6F76}.Debug|ARM.ActiveCfg = Debug|ARM
		{CF03CC8D-FFF1-4CDC-B773-D219AD4E6F76}.Debug|ARM.Build.0 = Debug|ARM
		{CF03CC8D-FFF1-4CDC-B773-D219AD4E6F76}.Debug|ARM64.ActiveCfg = Debug|ARM64
		{CF03CC8D-FFF1-4CDC-B773-D219AD4E6F76}.Debug|ARM64.Build.0 = Debug|ARM64
		{CF03CC8D-FFF1-4CDC-B773-D219AD4E6F76}.Debug|x64.ActiveCfg = Debug|x64
		{CF03CC8D-FFF1-4CDC-B773-D219AD4E6F76}.Debug|x64.Build.0 = Debug|x64
		{CF03CC8D-FFF1-4CDC-B773-D219AD4E6F76}.Debug|x86.ActiveCfg = Debug|Win32
		{CF03CC8D-FFF1-4CDC-B773-D219AD4E6F76}.Debug|x86.Build.0 = Debug|Win32
		{CF03CC8D-FFF1-4CDC-B773-D219AD4E6F76}.Release|ARM.ActiveCfg = Release|ARM
		{CF03CC8D-FFF1-4CDC-B773-D219AD4E6F76}.Release|ARM.Build.0 = Release|ARM
		{CF03CC8D-FFF1-4CDC-B773-D219AD4E6F76}.Release|ARM64.ActiveCfg = Release|ARM64
		{CF03CC8D-FFF1-4CDC-B773-D219AD4E6F76}.Release|ARM64.Build.0 = Release|ARM64
		{CF03CC8D-FFF1-4CDC-B773-D219AD4E6F76}.Release|x64.ActiveCfg = Release|x64
		{CF03CC8D-FFF1-4CDC-B773-D219AD4E6F76}.Release|x64.Build.0 = Release|x64
		{CF03CC8D-FFF1-4CDC-B773-D219AD4E6F76}.Release|x86.ActiveCfg = Release|Win32
		{CF03CC8D-FFF1-4CDC-B773-D219AD4E6F76}.Release|x86.Build.0 = Release|Win32
		{8CCB01A9-5C32-4000-86C3-3DFF5FFABEF1}.Debug|ARM.ActiveCfg = Debug|ARM
		{8CCB01A9-5C32-4000-86C3-3DFF5FFABEF1}.Debug|ARM.Build.0 = Debug|ARM
		{8CCB01A9-5C32-4000-86C3-3DFF5FFABEF1}.Debug|ARM64.ActiveCfg = Debug|ARM64
		{8CCB01A9-5C32-4000-86C3-3DFF5FFABEF1}.Debug|x64.ActiveCfg = Debug|x64
		{8CCB01A9-5C32-4000-86C3-3DFF5FFABEF1}.Debug|x64.Build.0 = Debug|x64
		{8CCB01A9-5C32-4000-86C3-3DFF5FFABEF1}.Debug|x86.ActiveCfg = Debug|Win32
		{8CCB01A9-5C32-4000-86C3-3DFF5FFABEF1}.Debug|x86.Build.0 = Debug|Win32
		{8CCB01A9-5C32-4000-86C3-3DFF5FFABEF1}.Release|ARM.ActiveCfg = Release|ARM
		{8CCB01A9-5C32-4000-86C3-3DFF5FFABEF1}.Release|ARM.Build.0 = Release|ARM
		{8CCB01A9-5C32-4000-86C3-3DFF5FFABEF1}.Release|ARM64.ActiveCfg = Release|ARM64
		{8CCB01A9-5C32-4000-86C3-3DFF5FFABEF1}.Release|x64.ActiveCfg = Release|x64
		{8CCB01A9-5C32-4000-86C3-3DFF5FFABEF1}.Release|x64.Build.0 = Release|x64
		{8CCB01A9-5C32-4000-86C3-3DFF5FFABEF1}.Release|x86.ActiveCfg = Release|Win32
		{8CCB01A9-5C32-4000-86C3-3DFF5FFABEF1}.Release|x86.Build.0 = Release|Win32
		{ED418091-1095-4873-80E5-2F36C9E763DC}.Debug|ARM.ActiveCfg = Debug|ARM
		{ED418091-1095-4873-80E5-2F36C9E763DC}.Debug|ARM.Build.0 = Debug|ARM
		{ED418091-1095-4873-80E5-2F36C9E763DC}.Debug|ARM.Deploy.0 = Debug|ARM
		{ED418091-1095-4873-80E5-2F36C9E763DC}.Debug|ARM64.ActiveCfg = Debug|ARM64
		{ED418091-1095-4873-80E5-2F36C9E763DC}.Debug|x64.ActiveCfg = Debug|x64
		{ED418091-1095-4873-80E5-2F36C9E763DC}.Debug|x64.Build.0 = Debug|x64
		{ED418091-1095-4873-80E5-2F36C9E763DC}.Debug|x64.Deploy.0 = Debug|x64
		{ED418091-1095-4873-80E5-2F36C9E763DC}.Debug|x86.ActiveCfg = Debug|x86
		{ED418091-1095-4873-80E5-2F36C9E763DC}.Debug|x86.Build.0 = Debug|x86
		{ED418091-1095-4873-80E5-2F36C9E763DC}.Debug|x86.Deploy.0 = Debug|x86
		{ED418091-1095-4873-80E5-2F36C9E763DC}.Release|ARM.ActiveCfg = Release|ARM
		{ED418091-1095-4873-80E5-2F36C9E763DC}.Release|ARM.Build.0 = Release|ARM
		{ED418091-1095-4873-80E5-2F36C9E763DC}.Release|ARM.Deploy.0 = Release|ARM
		{ED418091-1095-4873-80E5-2F36C9E763DC}.Release|ARM64.ActiveCfg = Release|ARM64
		{ED418091-1095-4873-80E5-2F36C9E763DC}.Release|x64.ActiveCfg = Release|x64
		{ED418091-1095-4873-80E5-2F36C9E763DC}.Release|x64.Build.0 = Release|x64
		{ED418091-1095-4873-80E5-2F36C9E763DC}.Release|x64.Deploy.0 = Release|x64
		{ED418091-1095-4873-80E5-2F36C9E763DC}.Release|x86.ActiveCfg = Release|x86
		{ED418091-1095-4873-80E5-2F36C9E763DC}.Release|x86.Build.0 = Release|x86
		{ED418091-1095-4873-80E5-2F36C9E763DC}.Release|x86.Deploy.0 = Release|x86
		{9B3B03BC-1BC0-43EA-B3FF-D5214F3CF5CF}.Debug|ARM.ActiveCfg = Debug|ARM64
		{9B3B03BC-1BC0-43EA-B3FF-D5214F3CF5CF}.Debug|ARM64.ActiveCfg = Debug|ARM64
		{9B3B03BC-1BC0-43EA-B3FF-D5214F3CF5CF}.Debug|ARM64.Build.0 = Debug|ARM64
		{9B3B03BC-1BC0-43EA-B3FF-D5214F3CF5CF}.Debug|x64.ActiveCfg = Debug|x64
		{9B3B03BC-1BC0-43EA-B3FF-D5214F3CF5CF}.Debug|x64.Build.0 = Debug|x64
		{9B3B03BC-1BC0-43EA-B3FF-D5214F3CF5CF}.Debug|x86.ActiveCfg = Debug|Win32
		{9B3B03BC-1BC0-43EA-B3FF-D5214F3CF5CF}.Debug|x86.Build.0 = Debug|Win32
		{9B3B03BC-1BC0-43EA-B3FF-D5214F3CF5CF}.Release|ARM.ActiveCfg = Release|ARM64
		{9B3B03BC-1BC0-43EA-B3FF-D5214F3CF5CF}.Release|ARM64.ActiveCfg = Release|ARM64
		{9B3B03BC-1BC0-43EA-B3FF-D5214F3CF5CF}.Release|ARM64.Build.0 = Release|ARM64
		{9B3B03BC-1BC0-43EA-B3FF-D5214F3CF5CF}.Release|x64.ActiveCfg = Release|x64
		{9B3B03BC-1BC0-43EA-B3FF-D5214F3CF5CF}.Release|x64.Build.0 = Release|x64
		{9B3B03BC-1BC0-43EA-B3FF-D5214F3CF5CF}.Release|x86.ActiveCfg = Release|Win32
		{9B3B03BC-1BC0-43EA-B3FF-D5214F3CF5CF}.Release|x86.Build.0 = Release|Win32
		{AB199369-87E7-44B4-AE83-7CF5C068EFEB}.Debug|ARM.ActiveCfg = Debug|ARM
		{AB199369-87E7-44B4-AE83-7CF5C068EFEB}.Debug|ARM.Build.0 = Debug|ARM
		{AB199369-87E7-44B4-AE83-7CF5C068EFEB}.Debug|ARM64.ActiveCfg = Debug|ARM64
		{AB199369-87E7-44B4-AE83-7CF5C068EFEB}.Debug|ARM64.Build.0 = Debug|ARM64
		{AB199369-87E7-44B4-AE83-7CF5C068EFEB}.Debug|x64.ActiveCfg = Debug|x64
		{AB199369-87E7-44B4-AE83-7CF5C068EFEB}.Debug|x64.Build.0 = Debug|x64
		{AB199369-87E7-44B4-AE83-7CF5C068EFEB}.Debug|x86.ActiveCfg = Debug|Win32
		{AB199369-87E7-44B4-AE83-7CF5C068EFEB}.Debug|x86.Build.0 = Debug|Win32
		{AB199369-87E7-44B4-AE83-7CF5C068EFEB}.Release|ARM.ActiveCfg = Release|ARM
		{AB199369-87E7-44B4-AE83-7CF5C068EFEB}.Release|ARM.Build.0 = Release|ARM
		{AB199369-87E7-44B4-AE83-7CF5C068EFEB}.Release|ARM64.ActiveCfg = Release|ARM64
		{AB199369-87E7-44B4-AE83-7CF5C068EFEB}.Release|ARM64.Build.0 = Release|ARM64
		{AB199369-87E7-44B4-AE83-7CF5C068EFEB}.Release|x64.ActiveCfg = Release|x64
		{AB199369-87E7-44B4-AE83-7CF5C068EFEB}.Release|x64.Build.0 = Release|x64
		{AB199369-87E7-44B4-AE83-7CF5C068EFEB}.Release|x86.ActiveCfg = Release|Win32
		{AB199369-87E7-44B4-AE83-7CF5C068EFEB}.Release|x86.Build.0 = Release|Win32
		{C3DBE42D-246E-45F1-8B66-8A8556C0784B}.Debug|ARM.ActiveCfg = Debug|ARM
		{C3DBE42D-246E-45F1-8B66-8A8556C0784B}.Debug|ARM.Build.0 = Debug|ARM
		{C3DBE42D-246E-45F1-8B66-8A8556C0784B}.Debug|ARM64.ActiveCfg = Debug|ARM64
		{C3DBE42D-246E-45F1-8B66-8A8556C0784B}.Debug|ARM64.Build.0 = Debug|ARM64
		{C3DBE42D-246E-45F1-8B66-8A8556C0784B}.Debug|x64.ActiveCfg = Debug|x64
		{C3DBE42D-246E-45F1-8B66-8A8556C0784B}.Debug|x64.Build.0 = Debug|x64
		{C3DBE42D-246E-45F1-8B66-8A8556C0784B}.Debug|x86.ActiveCfg = Debug|Win32
		{C3DBE42D-246E-45F1-8B66-8A8556C0784B}.Debug|x86.Build.0 = Debug|Win32
		{C3DBE42D-246E-45F1-8B66-8A8556C0784B}.Release|ARM.ActiveCfg = Release|ARM
		{C3DBE42D-246E-45F1-8B66-8A8556C0784B}.Release|ARM.Build.0 = Release|ARM
		{C3DBE42D-246E-45F1-8B66-8A8556C0784B}.Release|ARM64.ActiveCfg = Release|ARM64
		{C3DBE42D-246E-45F1-8B66-8A8556C0784B}.Release|ARM64.Build.0 = Release|ARM64
		{C3DBE42D-246E-45F1-8B66-8A8556C0784B}.Release|x64.ActiveCfg = Release|x64
		{C3DBE42D-246E-45F1-8B66-8A8556C0784B}.Release|x64.Build.0 = Release|x64
		{C3DBE42D-246E-45F1-8B66-8A8556C0784B}.Release|x86.ActiveCfg = Release|Win32
		{C3DBE42D-246E-45F1-8B66-8A8556C0784B}.Release|x86.Build.0 = Release|Win32
		{81A9F38A-2982-444B-9A57-3D56A5BD756E}.Debug|ARM.ActiveCfg = Debug|arm
		{81A9F38A-2982-444B-9A57-3D56A5BD756E}.Debug|ARM.Build.0 = Debug|arm
		{81A9F38A-2982-444B-9A57-3D56A5BD756E}.Debug|ARM64.ActiveCfg = Debug|ARM64
		{81A9F38A-2982-444B-9A57-3D56A5BD756E}.Debug|x64.ActiveCfg = Debug|x64
		{81A9F38A-2982-444B-9A57-3D56A5BD756E}.Debug|x64.Build.0 = Debug|x64
		{81A9F38A-2982-444B-9A57-3D56A5BD756E}.Debug|x86.ActiveCfg = Debug|Win32
		{81A9F38A-2982-444B-9A57-3D56A5BD756E}.Debug|x86.Build.0 = Debug|Win32
		{81A9F38A-2982-444B-9A57-3D56A5BD756E}.Release|ARM.ActiveCfg = Release|arm
		{81A9F38A-2982-444B-9A57-3D56A5BD756E}.Release|ARM.Build.0 = Release|arm
		{81A9F38A-2982-444B-9A57-3D56A5BD756E}.Release|ARM64.ActiveCfg = Release|ARM64
		{81A9F38A-2982-444B-9A57-3D56A5BD756E}.Release|ARM64.Build.0 = Release|ARM64
		{81A9F38A-2982-444B-9A57-3D56A5BD756E}.Release|x64.ActiveCfg = Release|x64
		{81A9F38A-2982-444B-9A57-3D56A5BD756E}.Release|x64.Build.0 = Release|x64
		{81A9F38A-2982-444B-9A57-3D56A5BD756E}.Release|x86.ActiveCfg = Release|Win32
		{81A9F38A-2982-444B-9A57-3D56A5BD756E}.Release|x86.Build.0 = Release|Win32
		{42876BA9-25BB-46E7-9EE1-CA5FDF703C72}.Debug|ARM.ActiveCfg = Debug|x86
		{42876BA9-25BB-46E7-9EE1-CA5FDF703C72}.Debug|ARM64.ActiveCfg = Debug|x86
		{42876BA9-25BB-46E7-9EE1-CA5FDF703C72}.Debug|x64.ActiveCfg = Debug|x64
		{42876BA9-25BB-46E7-9EE1-CA5FDF703C72}.Debug|x64.Build.0 = Debug|x64
		{42876BA9-25BB-46E7-9EE1-CA5FDF703C72}.Debug|x86.ActiveCfg = Debug|x86
		{42876BA9-25BB-46E7-9EE1-CA5FDF703C72}.Debug|x86.Build.0 = Debug|x86
		{42876BA9-25BB-46E7-9EE1-CA5FDF703C72}.Release|ARM.ActiveCfg = Release|x86
		{42876BA9-25BB-46E7-9EE1-CA5FDF703C72}.Release|ARM64.ActiveCfg = Release|x86
		{42876BA9-25BB-46E7-9EE1-CA5FDF703C72}.Release|x64.ActiveCfg = Release|x64
		{42876BA9-25BB-46E7-9EE1-CA5FDF703C72}.Release|x64.Build.0 = Release|x64
		{42876BA9-25BB-46E7-9EE1-CA5FDF703C72}.Release|x86.ActiveCfg = Release|x86
		{42876BA9-25BB-46E7-9EE1-CA5FDF703C72}.Release|x86.Build.0 = Release|x86
		{3C618444-4B80-492E-8972-BFAEF8700A52}.Debug|ARM.ActiveCfg = Debug|ARM
		{3C618444-4B80-492E-8972-BFAEF8700A52}.Debug|ARM64.ActiveCfg = Debug|ARM64
		{3C618444-4B80-492E-8972-BFAEF8700A52}.Debug|x64.ActiveCfg = Debug|x64
		{3C618444-4B80-492E-8972-BFAEF8700A52}.Debug|x64.Build.0 = Debug|x64
		{3C618444-4B80-492E-8972-BFAEF8700A52}.Debug|x86.ActiveCfg = Debug|Win32
		{3C618444-4B80-492E-8972-BFAEF8700A52}.Debug|x86.Build.0 = Debug|Win32
		{3C618444-4B80-492E-8972-BFAEF8700A52}.Release|ARM.ActiveCfg = Release|ARM
		{3C618444-4B80-492E-8972-BFAEF8700A52}.Release|ARM64.ActiveCfg = Release|ARM64
		{3C618444-4B80-492E-8972-BFAEF8700A52}.Release|x64.ActiveCfg = Release|x64
		{3C618444-4B80-492E-8972-BFAEF8700A52}.Release|x64.Build.0 = Release|x64
		{3C618444-4B80-492E-8972-BFAEF8700A52}.Release|x86.ActiveCfg = Release|Win32
		{3C618444-4B80-492E-8972-BFAEF8700A52}.Release|x86.Build.0 = Release|Win32
		{4E965899-43FD-4654-9613-15E8EB574E01}.Debug|ARM.ActiveCfg = Debug|x86
		{4E965899-43FD-4654-9613-15E8EB574E01}.Debug|ARM64.ActiveCfg = Debug|x86
		{4E965899-43FD-4654-9613-15E8EB574E01}.Debug|x64.ActiveCfg = Debug|x64
		{4E965899-43FD-4654-9613-15E8EB574E01}.Debug|x64.Build.0 = Debug|x64
		{4E965899-43FD-4654-9613-15E8EB574E01}.Debug|x86.ActiveCfg = Debug|x86
		{4E965899-43FD-4654-9613-15E8EB574E01}.Debug|x86.Build.0 = Debug|x86
		{4E965899-43FD-4654-9613-15E8EB574E01}.Release|ARM.ActiveCfg = Release|x86
		{4E965899-43FD-4654-9613-15E8EB574E01}.Release|ARM64.ActiveCfg = Release|x86
		{4E965899-43FD-4654-9613-15E8EB574E01}.Release|x64.ActiveCfg = Release|x64
		{4E965899-43FD-4654-9613-15E8EB574E01}.Release|x64.Build.0 = Release|x64
		{4E965899-43FD-4654-9613-15E8EB574E01}.Release|x86.ActiveCfg = Release|x86
		{4E965899-43FD-4654-9613-15E8EB574E01}.Release|x86.Build.0 = Release|x86
	EndGlobalSection
	GlobalSection(SolutionProperties) = preSolution
		HideSolutionNode = FALSE
	EndGlobalSection
	GlobalSection(ExtensibilityGlobals) = postSolution
		SolutionGuid = {49E4771D-E6F2-4069-9CFC-FB5ECE46E718}
	EndGlobalSection
EndGlobal
