<?xml version="1.0" encoding="utf-8"?>
<Project ToolsVersion="4.0" xmlns="http://schemas.microsoft.com/developer/msbuild/2003">
  <ItemGroup>
    <Filter Include="Source Files">
      <UniqueIdentifier>{4FC737F1-C7A5-4376-A066-2A32D752A2FF}</UniqueIdentifier>
      <Extensions>cpp;c;cc;cxx;c++;def;odl;idl;hpj;bat;asm;asmx</Extensions>
    </Filter>
    <Filter Include="Header Files">
      <UniqueIdentifier>{93995380-89BD-4b04-88EB-625FBE52EBFB}</UniqueIdentifier>
      <Extensions>h;hh;hpp;hxx;h++;hm;inl;inc;ipp;xsd</Extensions>
    </Filter>
    <Filter Include="Resource Files">
      <UniqueIdentifier>{67DA6AB6-F800-4c08-8B7A-83BB121AAD01}</UniqueIdentifier>
      <Extensions>rc;ico;cur;bmp;dlg;rc2;rct;bin;rgs;gif;jpg;jpeg;jpe;resx;tiff;tif;png;wav;mfcribbon-ms</Extensions>
    </Filter>
  </ItemGroup>
  <ItemGroup>
    <ClCompile Include="Atom.cpp">
      <Filter>Source Files</Filter>
    </ClCompile>
    <ClCompile Include="AtomGroup.cpp">
      <Filter>Source Files</Filter>
    </ClCompile>
    <ClCompile Include="BaseFile.cpp">
      <Filter>Source Files</Filter>
    </ClCompile>
    <ClCompile Include="BaseProviders.cpp">
      <Filter>Source Files</Filter>
    </ClCompile>
    <ClCompile Include="BaseQualifierTypes.cpp">
      <Filter>Source Files</Filter>
    </ClCompile>
    <ClCompile Include="BlobResult.cpp">
      <Filter>Source Files</Filter>
    </ClCompile>
    <ClCompile Include="Checksums.cpp">
      <Filter>Source Files</Filter>
    </ClCompile>
    <ClCompile Include="CoreEnvironment.cpp">
      <Filter>Source Files</Filter>
    </ClCompile>
    <ClCompile Include="CoreProfile.cpp">
      <Filter>Source Files</Filter>
    </ClCompile>
    <ClCompile Include="CoreQualifierTypes.cpp">
      <Filter>Source Files</Filter>
    </ClCompile>
    <ClCompile Include="DecisionInfo.cpp">
      <Filter>Source Files</Filter>
    </ClCompile>
    <ClCompile Include="DecisionInfoBuilder.cpp">
      <Filter>Source Files</Filter>
    </ClCompile>
    <ClCompile Include="DefObject.cpp">
      <Filter>Source Files</Filter>
    </ClCompile>
    <ClCompile Include="Environment.cpp">
      <Filter>Source Files</Filter>
    </ClCompile>
    <ClCompile Include="FileAtomPool.cpp">
      <Filter>Source Files</Filter>
    </ClCompile>
    <ClCompile Include="FileDataSection.cpp">
      <Filter>Source Files</Filter>
    </ClCompile>
    <ClCompile Include="FileFileList.cpp">
      <Filter>Source Files</Filter>
    </ClCompile>
    <ClCompile Include="HNames.cpp">
      <Filter>Source Files</Filter>
    </ClCompile>
    <ClCompile Include="HSchema.cpp">
      <Filter>Source Files</Filter>
    </ClCompile>
    <ClCompile Include="ManagedFiles.cpp">
      <Filter>Source Files</Filter>
    </ClCompile>
    <ClCompile Include="Managers.cpp">
      <Filter>Source Files</Filter>
    </ClCompile>
    <ClCompile Include="MrmFile.cpp">
      <Filter>Source Files</Filter>
    </ClCompile>
    <ClCompile Include="MrmTraceLogging.cpp">
      <Filter>Source Files</Filter>
    </ClCompile>
    <ClCompile Include="PriFile.cpp">
      <Filter>Source Files</Filter>
    </ClCompile>
    <ClCompile Include="PriFileManager.cpp">
      <Filter>Source Files</Filter>
    </ClCompile>
    <ClCompile Include="RemapInfo.cpp">
      <Filter>Source Files</Filter>
    </ClCompile>
    <ClCompile Include="Resolvers.cpp">
      <Filter>Source Files</Filter>
    </ClCompile>
    <ClCompile Include="ResourceLink.cpp">
      <Filter>Source Files</Filter>
    </ClCompile>
    <ClCompile Include="ResourceMap.cpp">
      <Filter>Source Files</Filter>
    </ClCompile>
    <ClCompile Include="RtlProfile.cpp">
      <Filter>Source Files</Filter>
    </ClCompile>
    <ClCompile Include="SchemaCollection.cpp">
      <Filter>Source Files</Filter>
    </ClCompile>
    <ClCompile Include="StaticAtomPool.cpp">
      <Filter>Source Files</Filter>
    </ClCompile>
    <ClCompile Include="StringResult.cpp">
      <Filter>Source Files</Filter>
    </ClCompile>
    <ClCompile Include="UnifiedView.cpp">
      <Filter>Source Files</Filter>
    </ClCompile>
    <ClCompile Include="Platform.cpp">
      <Filter>Source Files</Filter>
    </ClCompile>
    <ClCompile Include="Util.cpp">
      <Filter>Source Files</Filter>
    </ClCompile>
    <ClCompile Include="ReverseMap.cpp">
      <Filter>Source Files</Filter>
    </ClCompile>
    <ClCompile Include="BlobResultImpl.cpp">
      <Filter>Source Files</Filter>
    </ClCompile>
    <ClCompile Include="StringResultImpl.cpp">
      <Filter>Source Files</Filter>
    </ClCompile>
  </ItemGroup>
  <ItemGroup>
    <ClInclude Include="..\include\mrm\Atoms.h">
      <Filter>Header Files</Filter>
    </ClInclude>
    <ClInclude Include="..\include\mrm\BaseInternal.h">
      <Filter>Header Files</Filter>
    </ClInclude>
    <ClInclude Include="..\include\mrm\Checksums.h">
      <Filter>Header Files</Filter>
    </ClInclude>
    <ClInclude Include="..\include\mrm\Collections.h">
      <Filter>Header Files</Filter>
    </ClInclude>
    <ClInclude Include="..\include\mrm\DefObject.h">
      <Filter>Header Files</Filter>
    </ClInclude>
    <ClInclude Include="..\include\mrm\MrmEnvironment.h">
      <Filter>Header Files</Filter>
    </ClInclude>
    <ClInclude Include="..\include\mrm\MrmQualifiers.h">
      <Filter>Header Files</Filter>
    </ClInclude>
    <ClInclude Include="..\include\mrm\Results.h">
      <Filter>Header Files</Filter>
    </ClInclude>
    <ClInclude Include="..\include\mrm\common\Base.h">
      <Filter>Header Files</Filter>
    </ClInclude>
    <ClInclude Include="..\include\mrm\common\BaseInternal.h">
      <Filter>Header Files</Filter>
    </ClInclude>
    <ClInclude Include="..\include\mrm\common\MrmProfileData.h">
      <Filter>Header Files</Filter>
    </ClInclude>
    <ClInclude Include="..\include\mrm\common\MrmTraceLogging.h">
      <Filter>Header Files</Filter>
    </ClInclude>
    <ClInclude Include="..\include\mrm\common\Platform.h">
      <Filter>Header Files</Filter>
    </ClInclude>
    <ClInclude Include="..\include\mrm\common\PlatformRtl.h">
      <Filter>Header Files</Filter>
    </ClInclude>
    <ClInclude Include="..\include\mrm\common\PlatformWin32.h">
      <Filter>Header Files</Filter>
    </ClInclude>
    <ClInclude Include="..\include\mrm\common\file\FileAtomPool.h">
      <Filter>Header Files</Filter>
    </ClInclude>
    <ClInclude Include="..\include\mrm\common\file\FileBase.h">
      <Filter>Header Files</Filter>
    </ClInclude>
    <ClInclude Include="..\include\mrm\common\file\FileBaseSections.h">
      <Filter>Header Files</Filter>
    </ClInclude>
    <ClInclude Include="..\include\mrm\common\file\FileListBase.h">
      <Filter>Header Files</Filter>
    </ClInclude>
    <ClInclude Include="..\include\mrm\common\file\HNamesSection.h">
      <Filter>Header Files</Filter>
    </ClInclude>
    <ClInclude Include="..\include\mrm\common\file\MrmFiles.h">
      <Filter>Header Files</Filter>
    </ClInclude>
    <ClInclude Include="..\include\mrm\platform\base.h">
      <Filter>Header Files</Filter>
    </ClInclude>
    <ClInclude Include="..\include\mrm\platform\CoreQualifierTypes.h">
      <Filter>Header Files</Filter>
    </ClInclude>
    <ClInclude Include="..\include\mrm\platform\MrmConstants.h">
      <Filter>Header Files</Filter>
    </ClInclude>
    <ClInclude Include="..\include\mrm\platform\WindowsCore.h">
      <Filter>Header Files</Filter>
    </ClInclude>
    <ClInclude Include="..\include\mrm\readers\Atoms.h">
      <Filter>Header Files</Filter>
    </ClInclude>
    <ClInclude Include="..\include\mrm\readers\BaseFile.h">
      <Filter>Header Files</Filter>
    </ClInclude>
    <ClInclude Include="..\include\mrm\readers\FileLists.h">
      <Filter>Header Files</Filter>
    </ClInclude>
    <ClInclude Include="..\include\mrm\readers\HNames.h">
      <Filter>Header Files</Filter>
    </ClInclude>
    <ClInclude Include="..\include\mrm\readers\MrmManagers.h">
      <Filter>Header Files</Filter>
    </ClInclude>
    <ClInclude Include="..\include\mrm\readers\MrmReaders.h">
      <Filter>Header Files</Filter>
    </ClInclude>
    <ClInclude Include="..\include\mrm\readers\References.h">
      <Filter>Header Files</Filter>
    </ClInclude>
    <ClInclude Include="..\include\mrm\readers\RemapInfo.h">
      <Filter>Header Files</Filter>
    </ClInclude>
    <ClInclude Include="..\include\mrm\readers\SectionParser.h">
      <Filter>Header Files</Filter>
    </ClInclude>
    <ClInclude Include="..\include\mrm\readers\SectionReaders.h">
      <Filter>Header Files</Filter>
    </ClInclude>
    <ClInclude Include="BlobResult.h">
      <Filter>Header Files</Filter>
    </ClInclude>
    <ClInclude Include="DecisionInfo.h">
      <Filter>Header Files</Filter>
    </ClInclude>
    <ClInclude Include="Internal.h">
      <Filter>Header Files</Filter>
    </ClInclude>
    <ClInclude Include="StdAfx.h">
      <Filter>Header Files</Filter>
    </ClInclude>
    <ClInclude Include="StringResult.h">
      <Filter>Header Files</Filter>
    </ClInclude>
  </ItemGroup>
  <ItemGroup>
    <None Include="packages.config" />
  </ItemGroup>
</Project>