
Microsoft Visual Studio Solution File, Format Version 12.00
# Visual Studio Version 16
VisualStudioVersion = 16.0.31409.214
MinimumVisualStudioVersion = 10.0.40219.1
Project("{8BC9CEB8-8B4A-11D0-8D11-00A0C91BC942}") = "Microsoft.WindowsAppSDK.Insights", "WindowsAppSDKInsightsLib\WindowsAppSDKInsightsLib.vcxproj", "{4243B8DA-BDB5-4D65-B1D5-EEED375FAD13}"
EndProject
Global
	GlobalSection(SolutionConfigurationPlatforms) = preSolution
		Debug|ARM64 = Debug|ARM64
		Debug|x64 = Debug|x64
		Debug|x86 = Debug|x86
		Release|ARM64 = Release|ARM64
		Release|x64 = Release|x64
		Release|x86 = Release|x86
	EndGlobalSection
	GlobalSection(ProjectConfigurationPlatforms) = postSolution
		{4243B8DA-BDB5-4D65-B1D5-EEED375FAD13}.Debug|ARM64.ActiveCfg = Debug|ARM64
		{4243B8DA-BDB5-4D65-B1D5-EEED375FAD13}.Debug|ARM64.Build.0 = Debug|ARM64
		{4243B8DA-BDB5-4D65-B1D5-EEED375FAD13}.Debug|x64.ActiveCfg = Debug|x64
		{4243B8DA-BDB5-4D65-B1D5-EEED375FAD13}.Debug|x64.Build.0 = Debug|x64
		{4243B8DA-BDB5-4D65-B1D5-EEED375FAD13}.Debug|x86.ActiveCfg = Debug|Win32
		{4243B8DA-BDB5-4D65-B1D5-EEED375FAD13}.Debug|x86.Build.0 = Debug|Win32
		{4243B8DA-BDB5-4D65-B1D5-EEED375FAD13}.Release|ARM64.ActiveCfg = Release|ARM64
		{4243B8DA-BDB5-4D65-B1D5-EEED375FAD13}.Release|ARM64.Build.0 = Release|ARM64
		{4243B8DA-BDB5-4D65-B1D5-EEED375FAD13}.Release|x64.ActiveCfg = Release|x64
		{4243B8DA-BDB5-4D65-B1D5-EEED375FAD13}.Release|x64.Build.0 = Release|x64
		{4243B8DA-BDB5-4D65-B1D5-EEED375FAD13}.Release|x86.ActiveCfg = Release|Win32
		{4243B8DA-BDB5-4D65-B1D5-EEED375FAD13}.Release|x86.Build.0 = Release|Win32
	EndGlobalSection
	GlobalSection(SolutionProperties) = preSolution
		HideSolutionNode = FALSE
	EndGlobalSection
	GlobalSection(ExtensibilityGlobals) = postSolution
		SolutionGuid = {0D5ACB58-C616-4193-946A-33C71AA55B3A}
	EndGlobalSection
EndGlobal
