
Microsoft Visual Studio Solution File, Format Version 12.00
# Visual Studio Version 18
VisualStudioVersion = 18.3.11520.95 d18.3
MinimumVisualStudioVersion = 10.0.40219.1
Project("{FAE04EC0-301F-11D3-BF4B-00C04F79EFBC}") = "BasePackageTest", "BasePackageTest.csproj", "{13B4E760-EC65-9A64-419F-C6CEC70B3E18}"
EndProject
Global
	GlobalSection(SolutionConfigurationPlatforms) = preSolution
		Debug|Any CPU = Debug|Any CPU
		Debug|x64 = Debug|x64
		Release|Any CPU = Release|Any CPU
		Release|x64 = Release|x64
	EndGlobalSection
	GlobalSection(ProjectConfigurationPlatforms) = postSolution
		{13B4E760-EC65-9A64-419F-C6CEC70B3E18}.Debug|Any CPU.ActiveCfg = Debug|Any CPU
		{13B4E760-EC65-9A64-419F-C6CEC70B3E18}.Debug|Any CPU.Build.0 = Debug|Any CPU
		{13B4E760-EC65-9A64-419F-C6CEC70B3E18}.Debug|x64.ActiveCfg = Debug|x64
		{13B4E760-EC65-9A64-419F-C6CEC70B3E18}.Debug|x64.Build.0 = Debug|x64
		{13B4E760-EC65-9A64-419F-C6CEC70B3E18}.Release|Any CPU.ActiveCfg = Release|Any CPU
		{13B4E760-EC65-9A64-419F-C6CEC70B3E18}.Release|Any CPU.Build.0 = Release|Any CPU
		{13B4E760-EC65-9A64-419F-C6CEC70B3E18}.Release|x64.ActiveCfg = Release|x64
		{13B4E760-EC65-9A64-419F-C6CEC70B3E18}.Release|x64.Build.0 = Release|x64
	EndGlobalSection
	GlobalSection(SolutionProperties) = preSolution
		HideSolutionNode = FALSE
	EndGlobalSection
	GlobalSection(ExtensibilityGlobals) = postSolution
		SolutionGuid = {92C3F6F9-C58B-44FB-BF56-C8ED4418776F}
	EndGlobalSection
EndGlobal
