<?xml version="1.0" encoding="utf-8"?>
<Project ToolsVersion="4.0" xmlns="http://schemas.microsoft.com/developer/msbuild/2003">
  <ItemGroup>
    <Xml Include="appxmanifest-x86.xml" />
    <Xml Include="appxmanifest-x64.xml" />
    <Xml Include="appxmanifest-arm64.xml" />
  </ItemGroup>
  <ItemGroup>
    <Image Include="logo.png" />
  </ItemGroup>
</Project>
