<?xml version="1.0" encoding="utf-8"?>
<Project ToolsVersion="4.0" xmlns="http://schemas.microsoft.com/developer/msbuild/2003">
  <ItemGroup>
    <Filter Include="Source Files">
      <UniqueIdentifier>{4FC737F1-C7A5-4376-A066-2A32D752A2FF}</UniqueIdentifier>
      <Extensions>cpp;c;cc;cxx;c++;cppm;ixx;def;odl;idl;hpj;bat;asm;asmx</Extensions>
    </Filter>
    <Filter Include="Header Files">
      <UniqueIdentifier>{93995380-89BD-4b04-88EB-625FBE52EBFB}</UniqueIdentifier>
      <Extensions>h;hh;hpp;hxx;h++;hm;inl;inc;ipp;xsd</Extensions>
    </Filter>
    <Filter Include="Resource Files">
      <UniqueIdentifier>{67DA6AB6-F800-4c08-8B7A-83BB121AAD01}</UniqueIdentifier>
      <Extensions>rc;ico;cur;bmp;dlg;rc2;rct;bin;rgs;gif;jpg;jpeg;jpe;resx;tiff;tif;png;wav;mfcribbon-ms</Extensions>
    </Filter>
  </ItemGroup>
  <ItemGroup>
    <ClCompile Include="pch.cpp">
      <Filter>Source Files</Filter>
    </ClCompile>
    <ClCompile Include="TestCom.cpp">
      <Filter>Source Files</Filter>
    </ClCompile>
    <ClCompile Include="TestFilesystem.cpp">
      <Filter>Source Files</Filter>
    </ClCompile>
    <ClCompile Include="TestPackages.cpp">
      <Filter>Source Files</Filter>
    </ClCompile>
    <ClCompile Include="Test_WinRT.cpp">
      <Filter>Source Files</Filter>
    </ClCompile>
    <ClCompile Include="Test_WinRT_Add_Rank_A0_B10.cpp">
      <Filter>Source Files</Filter>
    </ClCompile>
    <ClCompile Include="Test_WinRT_Add_Rank_B0prepend_A0.cpp">
      <Filter>Source Files</Filter>
    </ClCompile>
    <ClCompile Include="Test_WinRT_Add_Rank_B-10_A0.cpp">
      <Filter>Source Files</Filter>
    </ClCompile>
    <ClCompile Include="Test_WinRT_Create_Add_Architectures_Current.cpp">
      <Filter>Source Files</Filter>
    </ClCompile>
    <ClCompile Include="Test_WinRT_Create_Add_Architectures_Explicit.cpp">
      <Filter>Source Files</Filter>
    </ClCompile>
    <ClCompile Include="Test_WinRT_Create_DoNotVerifyDependencyResolution.cpp">
      <Filter>Source Files</Filter>
    </ClCompile>
    <ClCompile Include="Test_WinRT_FullLifecycle_FilePathLifetime_Frameworks_2.cpp">
      <Filter>Source Files</Filter>
    </ClCompile>
    <ClCompile Include="Test_WinRT_FullLifecycle_ProcessLifetime_Frameworks_2.cpp">
      <Filter>Source Files</Filter>
    </ClCompile>
    <ClCompile Include="Test_WinRT_FullLifecycle_RegistryLifetime_Frameworks_2.cpp">
      <Filter>Source Files</Filter>
    </ClCompile>
    <ClCompile Include="Create_FilePathLifetime_NoExist.cpp">
      <Filter>Source Files</Filter>
    </ClCompile>
    <ClCompile Include="Create_RegistryLifetime_NoExist.cpp">
      <Filter>Source Files</Filter>
    </ClCompile>
  </ItemGroup>
  <ItemGroup>
    <ClInclude Include="pch.h">
      <Filter>Header Files</Filter>
    </ClInclude>
    <ClInclude Include="TestCom.h">
      <Filter>Header Files</Filter>
    </ClInclude>
    <ClInclude Include="TestPackages.h">
      <Filter>Header Files</Filter>
    </ClInclude>
    <ClInclude Include="TestFilesystem.h">
      <Filter>Header Files</Filter>
    </ClInclude>
    <ClInclude Include="Test_WinRT.h">
      <Filter>Header Files</Filter>
    </ClInclude>
  </ItemGroup>
  <ItemGroup>
    <None Include="packages.config" />
  </ItemGroup>
</Project>