<?xml version="1.0" encoding="utf-8"?>
<Project ToolsVersion="4.0" xmlns="http://schemas.microsoft.com/developer/msbuild/2003">
  <ItemGroup>
    <ClCompile Include="$(MSBuildThisFileDirectory)M.AM.DD.AddPackageDependencyOptions.cpp" />
    <ClCompile Include="$(MSBuildThisFileDirectory)M.AM.DD.CreatePackageDependencyOptions.cpp" />
    <ClCompile Include="$(MSBuildThisFileDirectory)M.AM.DD.PackageDependency.cpp" />
    <ClCompile Include="$(MSBuildThisFileDirectory)M.AM.DD.PackageDependencyContext.cpp" />
    <ClCompile Include="$(MSBuildThisFileDirectory)M.AM.DD.PackageDependencyRank.cpp" />
    <ClCompile Include="$(MSBuildThisFileDirectory)MsixDynamicDependency.cpp" />
    <ClCompile Include="$(MSBuildThisFileDirectory)PackageGraph.cpp" />
    <ClCompile Include="$(MSBuildThisFileDirectory)MddDetourPackageGraph.cpp" />
  </ItemGroup>
  <ItemGroup>
    <ClInclude Include="$(MSBuildThisFileDirectory)M.AM.DD.AddPackageDependencyOptions.h" />
    <ClInclude Include="$(MSBuildThisFileDirectory)M.AM.DD.CreatePackageDependencyOptions.h" />
    <ClInclude Include="$(MSBuildThisFileDirectory)M.AM.DD.PackageDependency.h" />
    <ClInclude Include="$(MSBuildThisFileDirectory)M.AM.DD.PackageDependencyContext.h" />
    <ClInclude Include="$(MSBuildThisFileDirectory)M.AM.DD.PackageDependencyRank.h" />
    <ClInclude Include="$(MSBuildThisFileDirectory)MsixDynamicDependency.h" />
    <ClInclude Include="$(MSBuildThisFileDirectory)M.AM.Converters.h" />
    <ClInclude Include="$(MSBuildThisFileDirectory)PackageGraph.h" />
    <ClInclude Include="$(MSBuildThisFileDirectory)PackageGraphNode.h" />
    <ClInclude Include="$(MSBuildThisFileDirectory)MddDetourPackageGraph.h" />
    <ClInclude Include="$(MSBuildThisFileDirectory)wil_msixdynamicdependency.h" />
  </ItemGroup>
  <ItemGroup>
    <Midl Include="$(MSBuildThisFileDirectory)M.AM.DynamicDependency.idl" />
  </ItemGroup>
</Project>