<?xml version="1.0" encoding="utf-8"?>
<Project ToolsVersion="4.0" xmlns="http://schemas.microsoft.com/developer/msbuild/2003">
  <ItemGroup>
    <ClCompile Include="$(MSBuildThisFileDirectory)M.AM.DD.AddPackageDependencyOptions.cpp" />
    <ClCompile Include="$(MSBuildThisFileDirectory)M.AM.DD.CreatePackageDependencyOptions.cpp" />
    <ClCompile Include="$(MSBuildThisFileDirectory)M.AM.DD.PackageDependency.cpp" />
    <ClCompile Include="$(MSBuildThisFileDirectory)M.AM.DD.PackageDependencyContext.cpp" />
    <ClCompile Include="$(MSBuildThisFileDirectory)M.AM.DD.PackageDependencyRank.cpp" />
    <ClCompile Include="$(MSBuildThisFileDirectory)MsixDynamicDependency.cpp" />
    <ClCompile Include="$(MSBuildThisFileDirectory)PackageGraph.cpp" />
    <ClCompile Include="$(MSBuildThisFileDirectory)MddDetourPackageGraph.cpp" />
    <ClCompile Include="$(MSBuildThisFileDirectory)PackageGraphNode.cpp" />
    <ClCompile Include="$(MSBuildThisFileDirectory)PackageDependency.cpp" />
    <ClCompile Include="$(MSBuildThisFileDirectory)PackageDependencyManager.cpp" />
    <ClCompile Include="$(MSBuildThisFileDirectory)PackageGraphManager.cpp" />
    <ClCompile Include="$(MSBuildThisFileDirectory)DataStore.cpp" />
  </ItemGroup>
  <ItemGroup>
    <ClInclude Include="$(MSBuildThisFileDirectory)M.AM.DD.AddPackageDependencyOptions.h" />
    <ClInclude Include="$(MSBuildThisFileDirectory)M.AM.DD.CreatePackageDependencyOptions.h" />
    <ClInclude Include="$(MSBuildThisFileDirectory)M.AM.DD.PackageDependency.h" />
    <ClInclude Include="$(MSBuildThisFileDirectory)M.AM.DD.PackageDependencyContext.h" />
    <ClInclude Include="$(MSBuildThisFileDirectory)M.AM.DD.PackageDependencyRank.h" />
    <ClInclude Include="$(MSBuildThisFileDirectory)MsixDynamicDependency.h" />
    <ClInclude Include="$(MSBuildThisFileDirectory)M.AM.Converters.h" />
    <ClInclude Include="$(MSBuildThisFileDirectory)PackageGraph.h" />
    <ClInclude Include="$(MSBuildThisFileDirectory)PackageGraphNode.h" />
    <ClInclude Include="$(MSBuildThisFileDirectory)MddDetourPackageGraph.h" />
    <ClInclude Include="$(MSBuildThisFileDirectory)wil_msixdynamicdependency.h" />
    <ClInclude Include="$(MSBuildThisFileDirectory)PackageDependency.h" />
    <ClInclude Include="$(MSBuildThisFileDirectory)PackageId.h" />
    <ClInclude Include="$(MSBuildThisFileDirectory)PackageDependencyManager.h" />
    <ClInclude Include="$(MSBuildThisFileDirectory)appmodel_msixdynamicdependency.h" />
    <ClInclude Include="$(MSBuildThisFileDirectory)PackageInfo.h" />
    <ClInclude Include="$(MSBuildThisFileDirectory)winrt_namespaces.h" />
    <ClInclude Include="$(MSBuildThisFileDirectory)MddCore.Architecture.h" />
    <ClInclude Include="$(MSBuildThisFileDirectory)PackageGraphManager.h" />
    <ClInclude Include="$(MSBuildThisFileDirectory)DataStore.h" />
    <ClInclude Include="$(MSBuildThisFileDirectory)utf8.h" />
    <ClInclude Include="$(MSBuildThisFileDirectory)winrt_msixdynamicdepednency.h" />
  </ItemGroup>
  <ItemGroup>
    <Midl Include="$(MSBuildThisFileDirectory)M.AM.DynamicDependency.idl" />
  </ItemGroup>
</Project>