
Microsoft Visual Studio Solution File, Format Version 12.00
# Visual Studio Version 16
VisualStudioVersion = 16.0.29215.179
MinimumVisualStudioVersion = 10.0.40219.1
Project("{9A19103F-16F7-4668-BE54-9A1E7A4F7556}") = "ProjectReunion.Extension", "Extension\ProjectReunion.Extension.csproj", "{EBAC2D3E-B3DB-428A-9A9D-3607FB6D9C17}"
EndProject
Project("{FAE04EC0-301F-11D3-BF4B-00C04F79EFBC}") = "WinUI.UWP.Cs.BlankApp", "ProjectTemplates\UWP\CSharp\BlankApp\WinUI.UWP.Cs.BlankApp.csproj", "{93ABC6A8-319A-4291-B8E2-607D3272A4B4}"
EndProject
Project("{FAE04EC0-301F-11D3-BF4B-00C04F79EFBC}") = "WinUI.Neutral.Cs.BlankPage", "ItemTemplates\Neutral\CSharp\BlankPage\WinUI.Neutral.Cs.BlankPage.csproj", "{2D9BD73D-5A5E-4113-AEA9-53D059A79A41}"
EndProject
Project("{FAE04EC0-301F-11D3-BF4B-00C04F79EFBC}") = "WinUI.Neutral.Cs.UserControl", "ItemTemplates\Neutral\CSharp\UserControl\WinUI.Neutral.Cs.UserControl.csproj", "{F19716E6-41A1-4320-A819-288172CE161C}"
EndProject
Project("{FAE04EC0-301F-11D3-BF4B-00C04F79EFBC}") = "WinUI.UWP.Cs.RuntimeComponent", "ProjectTemplates\UWP\CSharp\RuntimeComponent\WinUI.UWP.Cs.RuntimeComponent.csproj", "{824C3303-D492-4806-95CD-9AA20AB34BB3}"
EndProject
Project("{2150E333-8FDC-42A3-9474-1A3956D46DE8}") = "ProjectTemplates", "ProjectTemplates", "{34272930-CFC7-4E33-9DB9-88E82AE2C046}"
EndProject
Project("{2150E333-8FDC-42A3-9474-1A3956D46DE8}") = "UWP", "UWP", "{CB2F63A2-4403-4781-A4E3-6F564CB845B9}"
EndProject
Project("{2150E333-8FDC-42A3-9474-1A3956D46DE8}") = "CSharp", "CSharp", "{1F0E7E88-D403-4676-9B8B-2EA426C49740}"
EndProject
Project("{2150E333-8FDC-42A3-9474-1A3956D46DE8}") = "ItemTemplates", "ItemTemplates", "{63F11D46-2E6A-4B6A-B57B-CB83FFCAB63F}"
EndProject
Project("{2150E333-8FDC-42A3-9474-1A3956D46DE8}") = "Neutral", "Neutral", "{CD06AC1A-5DAA-4161-8D57-92D27C4FD911}"
EndProject
Project("{2150E333-8FDC-42A3-9474-1A3956D46DE8}") = "CSharp", "CSharp", "{46667165-BDC3-4FC2-9BC3-E4B1AEB1E05B}"
EndProject
Project("{2150E333-8FDC-42A3-9474-1A3956D46DE8}") = "CppWinRT", "CppWinRT", "{CDE4582D-B72C-4889-A73D-07EE968B0A74}"
EndProject
Project("{FAE04EC0-301F-11D3-BF4B-00C04F79EFBC}") = "WinUI.UWP.CppWinRT.BlankApp", "ProjectTemplates\UWP\CppWinRT\BlankApp\WinUI.UWP.CppWinRT.BlankApp.csproj", "{627B2125-97B1-4620-97AA-AD46B37AC9D1}"
EndProject
Project("{2150E333-8FDC-42A3-9474-1A3956D46DE8}") = "CppWinRT", "CppWinRT", "{1F0ED7C6-3679-4288-9CEA-7B30437D3FA6}"
EndProject
Project("{FAE04EC0-301F-11D3-BF4B-00C04F79EFBC}") = "WinUI.Neutral.CppWinRT.BlankPage", "ItemTemplates\Neutral\CppWinRT\BlankPage\WinUI.Neutral.CppWinRT.BlankPage.csproj", "{1E071372-7CB7-47BC-9BA2-8235F9BB09C8}"
EndProject
Project("{FAE04EC0-301F-11D3-BF4B-00C04F79EFBC}") = "WinUI.Neutral.CppWinRT.UserControl", "ItemTemplates\Neutral\CppWinRT\UserControl\WinUI.Neutral.CppWinRT.UserControl.csproj", "{99C19C7C-6472-44F6-89E2-389AB6534F42}"
EndProject
Project("{FAE04EC0-301F-11D3-BF4B-00C04F79EFBC}") = "WinUI.UWP.Cs.ClassLibrary", "ProjectTemplates\UWP\CSharp\ClassLibrary\WinUI.UWP.Cs.ClassLibrary.csproj", "{2A3D41EE-5641-4DEB-AC2C-B433CBC9174D}"
EndProject
Project("{FAE04EC0-301F-11D3-BF4B-00C04F79EFBC}") = "WinUI.Neutral.Cs.TemplatedControl", "ItemTemplates\Neutral\CSharp\TemplatedControl\WinUI.Neutral.Cs.TemplatedControl.csproj", "{2C5873D8-E908-41F2-B861-80F95280FBCA}"
EndProject
Project("{2150E333-8FDC-42A3-9474-1A3956D46DE8}") = "Desktop", "Desktop", "{F27A31A1-917C-4E75-B2A5-EEC55B287150}"
EndProject
Project("{2150E333-8FDC-42A3-9474-1A3956D46DE8}") = "CppWinRT", "CppWinRT", "{1A8A7481-2108-496B-802D-39F9C08D86F3}"
EndProject
Project("{FAE04EC0-301F-11D3-BF4B-00C04F79EFBC}") = "WinUI.Desktop.CppWinRT.BlankWindow", "ItemTemplates\Desktop\CppWinRT\BlankWindow\WinUI.Desktop.CppWinRT.BlankWindow.csproj", "{81221BE8-00A2-4841-B62C-9E751C298066}"
EndProject
Project("{FAE04EC0-301F-11D3-BF4B-00C04F79EFBC}") = "WinUI.Neutral.CppWinRT.TemplatedControl", "ItemTemplates\Neutral\CppWinRT\TemplatedControl\WinUI.Neutral.CppWinRT.TemplatedControl.csproj", "{761212D7-B5D2-4629-98C8-88F6A24982BB}"
EndProject
Project("{FAE04EC0-301F-11D3-BF4B-00C04F79EFBC}") = "WinUI.Desktop.Cs.BlankWindow", "ItemTemplates\Desktop\CSharp\BlankWindow\WinUI.Desktop.Cs.BlankWindow.csproj", "{9DE11F03-73A8-4DCA-88B3-1623A718DFD1}"
EndProject
Project("{2150E333-8FDC-42A3-9474-1A3956D46DE8}") = "Desktop", "Desktop", "{E7C0B105-E6A4-43E4-AC0F-5D4F5CDDC395}"
EndProject
Project("{2150E333-8FDC-42A3-9474-1A3956D46DE8}") = "CppWinRT", "CppWinRT", "{9CD9DCF4-B94A-454D-8068-1F5C7E84E1A8}"
EndProject
Project("{2150E333-8FDC-42A3-9474-1A3956D46DE8}") = "CSharp", "CSharp", "{01EE62F3-3B99-43B0-9E99-29FA871D48E2}"
EndProject
Project("{FAE04EC0-301F-11D3-BF4B-00C04F79EFBC}") = "WinUI.Neutral.CppWinRT.ResourceDictionary", "ItemTemplates\Neutral\CppWinRT\ResourceDictionary\WinUI.Neutral.CppWinRT.ResourceDictionary.csproj", "{3F3F0E7F-594F-4006-A3EF-5E5624EF147C}"
EndProject
Project("{FAE04EC0-301F-11D3-BF4B-00C04F79EFBC}") = "WinUI.Neutral.Cs.ResourceDictionary", "ItemTemplates\Neutral\CSharp\ResourceDictionary\WinUI.Neutral.Cs.ResourceDictionary.csproj", "{C8DA9E71-2F7F-4E7C-8DC7-766FF0F67196}"
EndProject
Project("{2150E333-8FDC-42A3-9474-1A3956D46DE8}") = "Solution Items", "Solution Items", "{BCBB50CD-2C38-4B27-940B-1FEDD2C6DECE}"
	ProjectSection(SolutionItems) = preProject
		default-package-versions.props = default-package-versions.props
		Directory.Build.props = Directory.Build.props
		update-package-versions.targets = update-package-versions.targets
	EndProjectSection
EndProject
Project("{FAE04EC0-301F-11D3-BF4B-00C04F79EFBC}") = "WinUI.Neutral.CppWinRT.Resw", "ItemTemplates\Neutral\CppWinRT\Resw\WinUI.Neutral.CppWinRT.Resw.csproj", "{30AB0000-148D-48BE-85DB-70D9F7BDFEC5}"
EndProject
Project("{FAE04EC0-301F-11D3-BF4B-00C04F79EFBC}") = "WinUI.Neutral.Cs.Resw", "ItemTemplates\Neutral\CSharp\Resw\WinUI.Neutral.Cs.Resw.csproj", "{17320A27-C039-4973-95AA-ACB3EFA1D47E}"
EndProject
Project("{2150E333-8FDC-42A3-9474-1A3956D46DE8}") = "CSharp", "CSharp", "{EC44EE95-8EC9-4EE5-A8A6-E6BE2F32C843}"
EndProject
Project("{FAE04EC0-301F-11D3-BF4B-00C04F79EFBC}") = "WinUI.Desktop.Cs.ClassLibrary", "ProjectTemplates\Desktop\CSharp\ClassLibrary\WinUI.Desktop.Cs.ClassLibrary.csproj", "{33783A04-0CB4-4CE5-A9FE-82E2E7E06D1F}"
EndProject
Project("{FAE04EC0-301F-11D3-BF4B-00C04F79EFBC}") = "WinUI.Desktop.Cs.PackagedApp", "ProjectTemplates\Desktop\CSharp\PackagedApp\WinUI.Desktop.Cs.PackagedApp.csproj", "{938DD23E-270E-488B-AC4C-CA68A545A8F2}"
EndProject
Project("{FAE04EC0-301F-11D3-BF4B-00C04F79EFBC}") = "WinUI.Desktop.CppWinRT.PackagedApp", "ProjectTemplates\Desktop\CppWinRT\PackagedApp\WinUI.Desktop.CppWinRT.PackagedApp.csproj", "{80195619-D4CF-4287-BA59-08077486BE1C}"
EndProject
Project("{2150E333-8FDC-42A3-9474-1A3956D46DE8}") = "Neutral", "Neutral", "{50DEEF87-BC2F-4B45-B97D-B83135F12786}"
EndProject
Project("{2150E333-8FDC-42A3-9474-1A3956D46DE8}") = "CppWinRT", "CppWinRT", "{4D266288-D49F-46D4-90E0-667E81D6A433}"
EndProject
Project("{FAE04EC0-301F-11D3-BF4B-00C04F79EFBC}") = "WinUI.Neutral.CppWinRT.RuntimeComponent", "ProjectTemplates\Neutral\CppWinRT\RuntimeComponent\WinUI.Neutral.CppWinRT.RuntimeComponent.csproj", "{FD33E535-127D-48AC-8788-0F61FA2A251C}"
EndProject
Global
	GlobalSection(SolutionConfigurationPlatforms) = preSolution
		Debug|Any CPU = Debug|Any CPU
		Debug|ARM = Debug|ARM
		Debug|ARM64 = Debug|ARM64
		Debug|Win32 = Debug|Win32
		Debug|x64 = Debug|x64
		Release|Any CPU = Release|Any CPU
		Release|ARM = Release|ARM
		Release|ARM64 = Release|ARM64
		Release|Win32 = Release|Win32
		Release|x64 = Release|x64
	EndGlobalSection
	GlobalSection(ProjectConfigurationPlatforms) = postSolution
		{EBAC2D3E-B3DB-428A-9A9D-3607FB6D9C17}.Debug|Any CPU.ActiveCfg = Debug|Any CPU
		{EBAC2D3E-B3DB-428A-9A9D-3607FB6D9C17}.Debug|Any CPU.Build.0 = Debug|Any CPU
		{EBAC2D3E-B3DB-428A-9A9D-3607FB6D9C17}.Debug|ARM.ActiveCfg = Debug|Any CPU
		{EBAC2D3E-B3DB-428A-9A9D-3607FB6D9C17}.Debug|ARM.Build.0 = Debug|Any CPU
		{EBAC2D3E-B3DB-428A-9A9D-3607FB6D9C17}.Debug|ARM64.ActiveCfg = Debug|Any CPU
		{EBAC2D3E-B3DB-428A-9A9D-3607FB6D9C17}.Debug|ARM64.Build.0 = Debug|Any CPU
		{EBAC2D3E-B3DB-428A-9A9D-3607FB6D9C17}.Debug|Win32.ActiveCfg = Debug|Any CPU
		{EBAC2D3E-B3DB-428A-9A9D-3607FB6D9C17}.Debug|Win32.Build.0 = Debug|Any CPU
		{EBAC2D3E-B3DB-428A-9A9D-3607FB6D9C17}.Debug|x64.ActiveCfg = Debug|Any CPU
		{EBAC2D3E-B3DB-428A-9A9D-3607FB6D9C17}.Debug|x64.Build.0 = Debug|Any CPU
		{EBAC2D3E-B3DB-428A-9A9D-3607FB6D9C17}.Release|Any CPU.ActiveCfg = Release|Any CPU
		{EBAC2D3E-B3DB-428A-9A9D-3607FB6D9C17}.Release|Any CPU.Build.0 = Release|Any CPU
		{EBAC2D3E-B3DB-428A-9A9D-3607FB6D9C17}.Release|ARM.ActiveCfg = Release|Any CPU
		{EBAC2D3E-B3DB-428A-9A9D-3607FB6D9C17}.Release|ARM.Build.0 = Release|Any CPU
		{EBAC2D3E-B3DB-428A-9A9D-3607FB6D9C17}.Release|ARM64.ActiveCfg = Release|Any CPU
		{EBAC2D3E-B3DB-428A-9A9D-3607FB6D9C17}.Release|ARM64.Build.0 = Release|Any CPU
		{EBAC2D3E-B3DB-428A-9A9D-3607FB6D9C17}.Release|Win32.ActiveCfg = Release|Any CPU
		{EBAC2D3E-B3DB-428A-9A9D-3607FB6D9C17}.Release|Win32.Build.0 = Release|Any CPU
		{EBAC2D3E-B3DB-428A-9A9D-3607FB6D9C17}.Release|x64.ActiveCfg = Release|Any CPU
		{EBAC2D3E-B3DB-428A-9A9D-3607FB6D9C17}.Release|x64.Build.0 = Release|Any CPU
		{93ABC6A8-319A-4291-B8E2-607D3272A4B4}.Debug|Any CPU.ActiveCfg = Debug|Any CPU
		{93ABC6A8-319A-4291-B8E2-607D3272A4B4}.Debug|Any CPU.Build.0 = Debug|Any CPU
		{93ABC6A8-319A-4291-B8E2-607D3272A4B4}.Debug|ARM.ActiveCfg = Debug|Any CPU
		{93ABC6A8-319A-4291-B8E2-607D3272A4B4}.Debug|ARM.Build.0 = Debug|Any CPU
		{93ABC6A8-319A-4291-B8E2-607D3272A4B4}.Debug|ARM64.ActiveCfg = Debug|Any CPU
		{93ABC6A8-319A-4291-B8E2-607D3272A4B4}.Debug|ARM64.Build.0 = Debug|Any CPU
		{93ABC6A8-319A-4291-B8E2-607D3272A4B4}.Debug|Win32.ActiveCfg = Debug|Win32
		{93ABC6A8-319A-4291-B8E2-607D3272A4B4}.Debug|Win32.Build.0 = Debug|Win32
		{93ABC6A8-319A-4291-B8E2-607D3272A4B4}.Debug|x64.ActiveCfg = Debug|x64
		{93ABC6A8-319A-4291-B8E2-607D3272A4B4}.Debug|x64.Build.0 = Debug|x64
		{93ABC6A8-319A-4291-B8E2-607D3272A4B4}.Release|Any CPU.ActiveCfg = Release|Any CPU
		{93ABC6A8-319A-4291-B8E2-607D3272A4B4}.Release|Any CPU.Build.0 = Release|Any CPU
		{93ABC6A8-319A-4291-B8E2-607D3272A4B4}.Release|ARM.ActiveCfg = Release|Any CPU
		{93ABC6A8-319A-4291-B8E2-607D3272A4B4}.Release|ARM.Build.0 = Release|Any CPU
		{93ABC6A8-319A-4291-B8E2-607D3272A4B4}.Release|ARM64.ActiveCfg = Release|Any CPU
		{93ABC6A8-319A-4291-B8E2-607D3272A4B4}.Release|ARM64.Build.0 = Release|Any CPU
		{93ABC6A8-319A-4291-B8E2-607D3272A4B4}.Release|Win32.ActiveCfg = Release|Win32
		{93ABC6A8-319A-4291-B8E2-607D3272A4B4}.Release|Win32.Build.0 = Release|Win32
		{93ABC6A8-319A-4291-B8E2-607D3272A4B4}.Release|x64.ActiveCfg = Release|x64
		{93ABC6A8-319A-4291-B8E2-607D3272A4B4}.Release|x64.Build.0 = Release|x64
		{2D9BD73D-5A5E-4113-AEA9-53D059A79A41}.Debug|Any CPU.ActiveCfg = Debug|Any CPU
		{2D9BD73D-5A5E-4113-AEA9-53D059A79A41}.Debug|Any CPU.Build.0 = Debug|Any CPU
		{2D9BD73D-5A5E-4113-AEA9-53D059A79A41}.Debug|ARM.ActiveCfg = Debug|Any CPU
		{2D9BD73D-5A5E-4113-AEA9-53D059A79A41}.Debug|ARM.Build.0 = Debug|Any CPU
		{2D9BD73D-5A5E-4113-AEA9-53D059A79A41}.Debug|ARM64.ActiveCfg = Debug|Any CPU
		{2D9BD73D-5A5E-4113-AEA9-53D059A79A41}.Debug|ARM64.Build.0 = Debug|Any CPU
		{2D9BD73D-5A5E-4113-AEA9-53D059A79A41}.Debug|Win32.ActiveCfg = Debug|Win32
		{2D9BD73D-5A5E-4113-AEA9-53D059A79A41}.Debug|Win32.Build.0 = Debug|Win32
		{2D9BD73D-5A5E-4113-AEA9-53D059A79A41}.Debug|x64.ActiveCfg = Debug|x64
		{2D9BD73D-5A5E-4113-AEA9-53D059A79A41}.Debug|x64.Build.0 = Debug|x64
		{2D9BD73D-5A5E-4113-AEA9-53D059A79A41}.Release|Any CPU.ActiveCfg = Release|Any CPU
		{2D9BD73D-5A5E-4113-AEA9-53D059A79A41}.Release|Any CPU.Build.0 = Release|Any CPU
		{2D9BD73D-5A5E-4113-AEA9-53D059A79A41}.Release|ARM.ActiveCfg = Release|Any CPU
		{2D9BD73D-5A5E-4113-AEA9-53D059A79A41}.Release|ARM.Build.0 = Release|Any CPU
		{2D9BD73D-5A5E-4113-AEA9-53D059A79A41}.Release|ARM64.ActiveCfg = Release|Any CPU
		{2D9BD73D-5A5E-4113-AEA9-53D059A79A41}.Release|ARM64.Build.0 = Release|Any CPU
		{2D9BD73D-5A5E-4113-AEA9-53D059A79A41}.Release|Win32.ActiveCfg = Release|Win32
		{2D9BD73D-5A5E-4113-AEA9-53D059A79A41}.Release|Win32.Build.0 = Release|Win32
		{2D9BD73D-5A5E-4113-AEA9-53D059A79A41}.Release|x64.ActiveCfg = Release|x64
		{2D9BD73D-5A5E-4113-AEA9-53D059A79A41}.Release|x64.Build.0 = Release|x64
		{F19716E6-41A1-4320-A819-288172CE161C}.Debug|Any CPU.ActiveCfg = Debug|Any CPU
		{F19716E6-41A1-4320-A819-288172CE161C}.Debug|Any CPU.Build.0 = Debug|Any CPU
		{F19716E6-41A1-4320-A819-288172CE161C}.Debug|ARM.ActiveCfg = Debug|Any CPU
		{F19716E6-41A1-4320-A819-288172CE161C}.Debug|ARM.Build.0 = Debug|Any CPU
		{F19716E6-41A1-4320-A819-288172CE161C}.Debug|ARM64.ActiveCfg = Debug|Any CPU
		{F19716E6-41A1-4320-A819-288172CE161C}.Debug|ARM64.Build.0 = Debug|Any CPU
		{F19716E6-41A1-4320-A819-288172CE161C}.Debug|Win32.ActiveCfg = Debug|Win32
		{F19716E6-41A1-4320-A819-288172CE161C}.Debug|Win32.Build.0 = Debug|Win32
		{F19716E6-41A1-4320-A819-288172CE161C}.Debug|x64.ActiveCfg = Debug|x64
		{F19716E6-41A1-4320-A819-288172CE161C}.Debug|x64.Build.0 = Debug|x64
		{F19716E6-41A1-4320-A819-288172CE161C}.Release|Any CPU.ActiveCfg = Release|Any CPU
		{F19716E6-41A1-4320-A819-288172CE161C}.Release|Any CPU.Build.0 = Release|Any CPU
		{F19716E6-41A1-4320-A819-288172CE161C}.Release|ARM.ActiveCfg = Release|Any CPU
		{F19716E6-41A1-4320-A819-288172CE161C}.Release|ARM.Build.0 = Release|Any CPU
		{F19716E6-41A1-4320-A819-288172CE161C}.Release|ARM64.ActiveCfg = Release|Any CPU
		{F19716E6-41A1-4320-A819-288172CE161C}.Release|ARM64.Build.0 = Release|Any CPU
		{F19716E6-41A1-4320-A819-288172CE161C}.Release|Win32.ActiveCfg = Release|Win32
		{F19716E6-41A1-4320-A819-288172CE161C}.Release|Win32.Build.0 = Release|Win32
		{F19716E6-41A1-4320-A819-288172CE161C}.Release|x64.ActiveCfg = Release|x64
		{F19716E6-41A1-4320-A819-288172CE161C}.Release|x64.Build.0 = Release|x64
		{824C3303-D492-4806-95CD-9AA20AB34BB3}.Debug|Any CPU.ActiveCfg = Debug|Any CPU
		{824C3303-D492-4806-95CD-9AA20AB34BB3}.Debug|Any CPU.Build.0 = Debug|Any CPU
		{824C3303-D492-4806-95CD-9AA20AB34BB3}.Debug|ARM.ActiveCfg = Debug|Any CPU
		{824C3303-D492-4806-95CD-9AA20AB34BB3}.Debug|ARM.Build.0 = Debug|Any CPU
		{824C3303-D492-4806-95CD-9AA20AB34BB3}.Debug|ARM64.ActiveCfg = Debug|Any CPU
		{824C3303-D492-4806-95CD-9AA20AB34BB3}.Debug|ARM64.Build.0 = Debug|Any CPU
		{824C3303-D492-4806-95CD-9AA20AB34BB3}.Debug|Win32.ActiveCfg = Debug|Win32
		{824C3303-D492-4806-95CD-9AA20AB34BB3}.Debug|Win32.Build.0 = Debug|Win32
		{824C3303-D492-4806-95CD-9AA20AB34BB3}.Debug|x64.ActiveCfg = Debug|x64
		{824C3303-D492-4806-95CD-9AA20AB34BB3}.Debug|x64.Build.0 = Debug|x64
		{824C3303-D492-4806-95CD-9AA20AB34BB3}.Release|Any CPU.ActiveCfg = Release|Any CPU
		{824C3303-D492-4806-95CD-9AA20AB34BB3}.Release|Any CPU.Build.0 = Release|Any CPU
		{824C3303-D492-4806-95CD-9AA20AB34BB3}.Release|ARM.ActiveCfg = Release|Any CPU
		{824C3303-D492-4806-95CD-9AA20AB34BB3}.Release|ARM.Build.0 = Release|Any CPU
		{824C3303-D492-4806-95CD-9AA20AB34BB3}.Release|ARM64.ActiveCfg = Release|Any CPU
		{824C3303-D492-4806-95CD-9AA20AB34BB3}.Release|ARM64.Build.0 = Release|Any CPU
		{824C3303-D492-4806-95CD-9AA20AB34BB3}.Release|Win32.ActiveCfg = Release|Win32
		{824C3303-D492-4806-95CD-9AA20AB34BB3}.Release|Win32.Build.0 = Release|Win32
		{824C3303-D492-4806-95CD-9AA20AB34BB3}.Release|x64.ActiveCfg = Release|x64
		{824C3303-D492-4806-95CD-9AA20AB34BB3}.Release|x64.Build.0 = Release|x64
		{627B2125-97B1-4620-97AA-AD46B37AC9D1}.Debug|Any CPU.ActiveCfg = Debug|Any CPU
		{627B2125-97B1-4620-97AA-AD46B37AC9D1}.Debug|Any CPU.Build.0 = Debug|Any CPU
		{627B2125-97B1-4620-97AA-AD46B37AC9D1}.Debug|ARM.ActiveCfg = Debug|Any CPU
		{627B2125-97B1-4620-97AA-AD46B37AC9D1}.Debug|ARM.Build.0 = Debug|Any CPU
		{627B2125-97B1-4620-97AA-AD46B37AC9D1}.Debug|ARM64.ActiveCfg = Debug|Any CPU
		{627B2125-97B1-4620-97AA-AD46B37AC9D1}.Debug|ARM64.Build.0 = Debug|Any CPU
		{627B2125-97B1-4620-97AA-AD46B37AC9D1}.Debug|Win32.ActiveCfg = Debug|Win32
		{627B2125-97B1-4620-97AA-AD46B37AC9D1}.Debug|Win32.Build.0 = Debug|Win32
		{627B2125-97B1-4620-97AA-AD46B37AC9D1}.Debug|x64.ActiveCfg = Debug|x64
		{627B2125-97B1-4620-97AA-AD46B37AC9D1}.Debug|x64.Build.0 = Debug|x64
		{627B2125-97B1-4620-97AA-AD46B37AC9D1}.Release|Any CPU.ActiveCfg = Release|Any CPU
		{627B2125-97B1-4620-97AA-AD46B37AC9D1}.Release|Any CPU.Build.0 = Release|Any CPU
		{627B2125-97B1-4620-97AA-AD46B37AC9D1}.Release|ARM.ActiveCfg = Release|Any CPU
		{627B2125-97B1-4620-97AA-AD46B37AC9D1}.Release|ARM.Build.0 = Release|Any CPU
		{627B2125-97B1-4620-97AA-AD46B37AC9D1}.Release|ARM64.ActiveCfg = Release|Any CPU
		{627B2125-97B1-4620-97AA-AD46B37AC9D1}.Release|ARM64.Build.0 = Release|Any CPU
		{627B2125-97B1-4620-97AA-AD46B37AC9D1}.Release|Win32.ActiveCfg = Release|Win32
		{627B2125-97B1-4620-97AA-AD46B37AC9D1}.Release|Win32.Build.0 = Release|Win32
		{627B2125-97B1-4620-97AA-AD46B37AC9D1}.Release|x64.ActiveCfg = Release|x64
		{627B2125-97B1-4620-97AA-AD46B37AC9D1}.Release|x64.Build.0 = Release|x64
		{1E071372-7CB7-47BC-9BA2-8235F9BB09C8}.Debug|Any CPU.ActiveCfg = Debug|Any CPU
		{1E071372-7CB7-47BC-9BA2-8235F9BB09C8}.Debug|Any CPU.Build.0 = Debug|Any CPU
		{1E071372-7CB7-47BC-9BA2-8235F9BB09C8}.Debug|ARM.ActiveCfg = Debug|Any CPU
		{1E071372-7CB7-47BC-9BA2-8235F9BB09C8}.Debug|ARM.Build.0 = Debug|Any CPU
		{1E071372-7CB7-47BC-9BA2-8235F9BB09C8}.Debug|ARM64.ActiveCfg = Debug|Any CPU
		{1E071372-7CB7-47BC-9BA2-8235F9BB09C8}.Debug|ARM64.Build.0 = Debug|Any CPU
		{1E071372-7CB7-47BC-9BA2-8235F9BB09C8}.Debug|Win32.ActiveCfg = Debug|Win32
		{1E071372-7CB7-47BC-9BA2-8235F9BB09C8}.Debug|Win32.Build.0 = Debug|Win32
		{1E071372-7CB7-47BC-9BA2-8235F9BB09C8}.Debug|x64.ActiveCfg = Debug|x64
		{1E071372-7CB7-47BC-9BA2-8235F9BB09C8}.Debug|x64.Build.0 = Debug|x64
		{1E071372-7CB7-47BC-9BA2-8235F9BB09C8}.Release|Any CPU.ActiveCfg = Release|Any CPU
		{1E071372-7CB7-47BC-9BA2-8235F9BB09C8}.Release|Any CPU.Build.0 = Release|Any CPU
		{1E071372-7CB7-47BC-9BA2-8235F9BB09C8}.Release|ARM.ActiveCfg = Release|Any CPU
		{1E071372-7CB7-47BC-9BA2-8235F9BB09C8}.Release|ARM.Build.0 = Release|Any CPU
		{1E071372-7CB7-47BC-9BA2-8235F9BB09C8}.Release|ARM64.ActiveCfg = Release|Any CPU
		{1E071372-7CB7-47BC-9BA2-8235F9BB09C8}.Release|ARM64.Build.0 = Release|Any CPU
		{1E071372-7CB7-47BC-9BA2-8235F9BB09C8}.Release|Win32.ActiveCfg = Release|Win32
		{1E071372-7CB7-47BC-9BA2-8235F9BB09C8}.Release|Win32.Build.0 = Release|Win32
		{1E071372-7CB7-47BC-9BA2-8235F9BB09C8}.Release|x64.ActiveCfg = Release|x64
		{1E071372-7CB7-47BC-9BA2-8235F9BB09C8}.Release|x64.Build.0 = Release|x64
		{99C19C7C-6472-44F6-89E2-389AB6534F42}.Debug|Any CPU.ActiveCfg = Debug|Any CPU
		{99C19C7C-6472-44F6-89E2-389AB6534F42}.Debug|Any CPU.Build.0 = Debug|Any CPU
		{99C19C7C-6472-44F6-89E2-389AB6534F42}.Debug|ARM.ActiveCfg = Debug|Any CPU
		{99C19C7C-6472-44F6-89E2-389AB6534F42}.Debug|ARM.Build.0 = Debug|Any CPU
		{99C19C7C-6472-44F6-89E2-389AB6534F42}.Debug|ARM64.ActiveCfg = Debug|Any CPU
		{99C19C7C-6472-44F6-89E2-389AB6534F42}.Debug|ARM64.Build.0 = Debug|Any CPU
		{99C19C7C-6472-44F6-89E2-389AB6534F42}.Debug|Win32.ActiveCfg = Debug|Win32
		{99C19C7C-6472-44F6-89E2-389AB6534F42}.Debug|Win32.Build.0 = Debug|Win32
		{99C19C7C-6472-44F6-89E2-389AB6534F42}.Debug|x64.ActiveCfg = Debug|x64
		{99C19C7C-6472-44F6-89E2-389AB6534F42}.Debug|x64.Build.0 = Debug|x64
		{99C19C7C-6472-44F6-89E2-389AB6534F42}.Release|Any CPU.ActiveCfg = Release|Any CPU
		{99C19C7C-6472-44F6-89E2-389AB6534F42}.Release|Any CPU.Build.0 = Release|Any CPU
		{99C19C7C-6472-44F6-89E2-389AB6534F42}.Release|ARM.ActiveCfg = Release|Any CPU
		{99C19C7C-6472-44F6-89E2-389AB6534F42}.Release|ARM.Build.0 = Release|Any CPU
		{99C19C7C-6472-44F6-89E2-389AB6534F42}.Release|ARM64.ActiveCfg = Release|Any CPU
		{99C19C7C-6472-44F6-89E2-389AB6534F42}.Release|ARM64.Build.0 = Release|Any CPU
		{99C19C7C-6472-44F6-89E2-389AB6534F42}.Release|Win32.ActiveCfg = Release|Win32
		{99C19C7C-6472-44F6-89E2-389AB6534F42}.Release|Win32.Build.0 = Release|Win32
		{99C19C7C-6472-44F6-89E2-389AB6534F42}.Release|x64.ActiveCfg = Release|x64
		{99C19C7C-6472-44F6-89E2-389AB6534F42}.Release|x64.Build.0 = Release|x64
		{2A3D41EE-5641-4DEB-AC2C-B433CBC9174D}.Debug|Any CPU.ActiveCfg = Debug|Any CPU
		{2A3D41EE-5641-4DEB-AC2C-B433CBC9174D}.Debug|Any CPU.Build.0 = Debug|Any CPU
		{2A3D41EE-5641-4DEB-AC2C-B433CBC9174D}.Debug|ARM.ActiveCfg = Debug|Any CPU
		{2A3D41EE-5641-4DEB-AC2C-B433CBC9174D}.Debug|ARM.Build.0 = Debug|Any CPU
		{2A3D41EE-5641-4DEB-AC2C-B433CBC9174D}.Debug|ARM64.ActiveCfg = Debug|Any CPU
		{2A3D41EE-5641-4DEB-AC2C-B433CBC9174D}.Debug|ARM64.Build.0 = Debug|Any CPU
		{2A3D41EE-5641-4DEB-AC2C-B433CBC9174D}.Debug|Win32.ActiveCfg = Debug|Win32
		{2A3D41EE-5641-4DEB-AC2C-B433CBC9174D}.Debug|Win32.Build.0 = Debug|Win32
		{2A3D41EE-5641-4DEB-AC2C-B433CBC9174D}.Debug|x64.ActiveCfg = Debug|x64
		{2A3D41EE-5641-4DEB-AC2C-B433CBC9174D}.Debug|x64.Build.0 = Debug|x64
		{2A3D41EE-5641-4DEB-AC2C-B433CBC9174D}.Release|Any CPU.ActiveCfg = Release|Any CPU
		{2A3D41EE-5641-4DEB-AC2C-B433CBC9174D}.Release|Any CPU.Build.0 = Release|Any CPU
		{2A3D41EE-5641-4DEB-AC2C-B433CBC9174D}.Release|ARM.ActiveCfg = Release|Any CPU
		{2A3D41EE-5641-4DEB-AC2C-B433CBC9174D}.Release|ARM.Build.0 = Release|Any CPU
		{2A3D41EE-5641-4DEB-AC2C-B433CBC9174D}.Release|ARM64.ActiveCfg = Release|Any CPU
		{2A3D41EE-5641-4DEB-AC2C-B433CBC9174D}.Release|ARM64.Build.0 = Release|Any CPU
		{2A3D41EE-5641-4DEB-AC2C-B433CBC9174D}.Release|Win32.ActiveCfg = Release|Win32
		{2A3D41EE-5641-4DEB-AC2C-B433CBC9174D}.Release|Win32.Build.0 = Release|Win32
		{2A3D41EE-5641-4DEB-AC2C-B433CBC9174D}.Release|x64.ActiveCfg = Release|x64
		{2A3D41EE-5641-4DEB-AC2C-B433CBC9174D}.Release|x64.Build.0 = Release|x64
		{2C5873D8-E908-41F2-B861-80F95280FBCA}.Debug|Any CPU.ActiveCfg = Debug|Any CPU
		{2C5873D8-E908-41F2-B861-80F95280FBCA}.Debug|Any CPU.Build.0 = Debug|Any CPU
		{2C5873D8-E908-41F2-B861-80F95280FBCA}.Debug|ARM.ActiveCfg = Debug|Any CPU
		{2C5873D8-E908-41F2-B861-80F95280FBCA}.Debug|ARM.Build.0 = Debug|Any CPU
		{2C5873D8-E908-41F2-B861-80F95280FBCA}.Debug|ARM64.ActiveCfg = Debug|Any CPU
		{2C5873D8-E908-41F2-B861-80F95280FBCA}.Debug|ARM64.Build.0 = Debug|Any CPU
		{2C5873D8-E908-41F2-B861-80F95280FBCA}.Debug|Win32.ActiveCfg = Debug|Win32
		{2C5873D8-E908-41F2-B861-80F95280FBCA}.Debug|Win32.Build.0 = Debug|Win32
		{2C5873D8-E908-41F2-B861-80F95280FBCA}.Debug|x64.ActiveCfg = Debug|x64
		{2C5873D8-E908-41F2-B861-80F95280FBCA}.Debug|x64.Build.0 = Debug|x64
		{2C5873D8-E908-41F2-B861-80F95280FBCA}.Release|Any CPU.ActiveCfg = Release|Any CPU
		{2C5873D8-E908-41F2-B861-80F95280FBCA}.Release|Any CPU.Build.0 = Release|Any CPU
		{2C5873D8-E908-41F2-B861-80F95280FBCA}.Release|ARM.ActiveCfg = Release|Any CPU
		{2C5873D8-E908-41F2-B861-80F95280FBCA}.Release|ARM.Build.0 = Release|Any CPU
		{2C5873D8-E908-41F2-B861-80F95280FBCA}.Release|ARM64.ActiveCfg = Release|Any CPU
		{2C5873D8-E908-41F2-B861-80F95280FBCA}.Release|ARM64.Build.0 = Release|Any CPU
		{2C5873D8-E908-41F2-B861-80F95280FBCA}.Release|Win32.ActiveCfg = Release|Win32
		{2C5873D8-E908-41F2-B861-80F95280FBCA}.Release|Win32.Build.0 = Release|Win32
		{2C5873D8-E908-41F2-B861-80F95280FBCA}.Release|x64.ActiveCfg = Release|x64
		{2C5873D8-E908-41F2-B861-80F95280FBCA}.Release|x64.Build.0 = Release|x64
		{81221BE8-00A2-4841-B62C-9E751C298066}.Debug|Any CPU.ActiveCfg = Debug|Any CPU
		{81221BE8-00A2-4841-B62C-9E751C298066}.Debug|Any CPU.Build.0 = Debug|Any CPU
		{81221BE8-00A2-4841-B62C-9E751C298066}.Debug|ARM.ActiveCfg = Debug|Any CPU
		{81221BE8-00A2-4841-B62C-9E751C298066}.Debug|ARM.Build.0 = Debug|Any CPU
		{81221BE8-00A2-4841-B62C-9E751C298066}.Debug|ARM64.ActiveCfg = Debug|Any CPU
		{81221BE8-00A2-4841-B62C-9E751C298066}.Debug|ARM64.Build.0 = Debug|Any CPU
		{81221BE8-00A2-4841-B62C-9E751C298066}.Debug|Win32.ActiveCfg = Debug|Win32
		{81221BE8-00A2-4841-B62C-9E751C298066}.Debug|Win32.Build.0 = Debug|Win32
		{81221BE8-00A2-4841-B62C-9E751C298066}.Debug|x64.ActiveCfg = Debug|x64
		{81221BE8-00A2-4841-B62C-9E751C298066}.Debug|x64.Build.0 = Debug|x64
		{81221BE8-00A2-4841-B62C-9E751C298066}.Release|Any CPU.ActiveCfg = Release|Any CPU
		{81221BE8-00A2-4841-B62C-9E751C298066}.Release|Any CPU.Build.0 = Release|Any CPU
		{81221BE8-00A2-4841-B62C-9E751C298066}.Release|ARM.ActiveCfg = Release|Any CPU
		{81221BE8-00A2-4841-B62C-9E751C298066}.Release|ARM.Build.0 = Release|Any CPU
		{81221BE8-00A2-4841-B62C-9E751C298066}.Release|ARM64.ActiveCfg = Release|Any CPU
		{81221BE8-00A2-4841-B62C-9E751C298066}.Release|ARM64.Build.0 = Release|Any CPU
		{81221BE8-00A2-4841-B62C-9E751C298066}.Release|Win32.ActiveCfg = Release|Win32
		{81221BE8-00A2-4841-B62C-9E751C298066}.Release|Win32.Build.0 = Release|Win32
		{81221BE8-00A2-4841-B62C-9E751C298066}.Release|x64.ActiveCfg = Release|x64
		{81221BE8-00A2-4841-B62C-9E751C298066}.Release|x64.Build.0 = Release|x64
		{761212D7-B5D2-4629-98C8-88F6A24982BB}.Debug|Any CPU.ActiveCfg = Debug|Any CPU
		{761212D7-B5D2-4629-98C8-88F6A24982BB}.Debug|Any CPU.Build.0 = Debug|Any CPU
		{761212D7-B5D2-4629-98C8-88F6A24982BB}.Debug|ARM.ActiveCfg = Debug|Any CPU
		{761212D7-B5D2-4629-98C8-88F6A24982BB}.Debug|ARM.Build.0 = Debug|Any CPU
		{761212D7-B5D2-4629-98C8-88F6A24982BB}.Debug|ARM64.ActiveCfg = Debug|Any CPU
		{761212D7-B5D2-4629-98C8-88F6A24982BB}.Debug|ARM64.Build.0 = Debug|Any CPU
		{761212D7-B5D2-4629-98C8-88F6A24982BB}.Debug|Win32.ActiveCfg = Debug|Win32
		{761212D7-B5D2-4629-98C8-88F6A24982BB}.Debug|Win32.Build.0 = Debug|Win32
		{761212D7-B5D2-4629-98C8-88F6A24982BB}.Debug|x64.ActiveCfg = Debug|x64
		{761212D7-B5D2-4629-98C8-88F6A24982BB}.Debug|x64.Build.0 = Debug|x64
		{761212D7-B5D2-4629-98C8-88F6A24982BB}.Release|Any CPU.ActiveCfg = Release|Any CPU
		{761212D7-B5D2-4629-98C8-88F6A24982BB}.Release|Any CPU.Build.0 = Release|Any CPU
		{761212D7-B5D2-4629-98C8-88F6A24982BB}.Release|ARM.ActiveCfg = Release|Any CPU
		{761212D7-B5D2-4629-98C8-88F6A24982BB}.Release|ARM.Build.0 = Release|Any CPU
		{761212D7-B5D2-4629-98C8-88F6A24982BB}.Release|ARM64.ActiveCfg = Release|Any CPU
		{761212D7-B5D2-4629-98C8-88F6A24982BB}.Release|ARM64.Build.0 = Release|Any CPU
		{761212D7-B5D2-4629-98C8-88F6A24982BB}.Release|Win32.ActiveCfg = Release|Win32
		{761212D7-B5D2-4629-98C8-88F6A24982BB}.Release|Win32.Build.0 = Release|Win32
		{761212D7-B5D2-4629-98C8-88F6A24982BB}.Release|x64.ActiveCfg = Release|x64
		{761212D7-B5D2-4629-98C8-88F6A24982BB}.Release|x64.Build.0 = Release|x64
		{9DE11F03-73A8-4DCA-88B3-1623A718DFD1}.Debug|Any CPU.ActiveCfg = Debug|Any CPU
		{9DE11F03-73A8-4DCA-88B3-1623A718DFD1}.Debug|Any CPU.Build.0 = Debug|Any CPU
		{9DE11F03-73A8-4DCA-88B3-1623A718DFD1}.Debug|ARM.ActiveCfg = Debug|Any CPU
		{9DE11F03-73A8-4DCA-88B3-1623A718DFD1}.Debug|ARM.Build.0 = Debug|Any CPU
		{9DE11F03-73A8-4DCA-88B3-1623A718DFD1}.Debug|ARM64.ActiveCfg = Debug|Any CPU
		{9DE11F03-73A8-4DCA-88B3-1623A718DFD1}.Debug|ARM64.Build.0 = Debug|Any CPU
		{9DE11F03-73A8-4DCA-88B3-1623A718DFD1}.Debug|Win32.ActiveCfg = Debug|Win32
		{9DE11F03-73A8-4DCA-88B3-1623A718DFD1}.Debug|Win32.Build.0 = Debug|Win32
		{9DE11F03-73A8-4DCA-88B3-1623A718DFD1}.Debug|x64.ActiveCfg = Debug|x64
		{9DE11F03-73A8-4DCA-88B3-1623A718DFD1}.Debug|x64.Build.0 = Debug|x64
		{9DE11F03-73A8-4DCA-88B3-1623A718DFD1}.Release|Any CPU.ActiveCfg = Release|Any CPU
		{9DE11F03-73A8-4DCA-88B3-1623A718DFD1}.Release|Any CPU.Build.0 = Release|Any CPU
		{9DE11F03-73A8-4DCA-88B3-1623A718DFD1}.Release|ARM.ActiveCfg = Release|Any CPU
		{9DE11F03-73A8-4DCA-88B3-1623A718DFD1}.Release|ARM.Build.0 = Release|Any CPU
		{9DE11F03-73A8-4DCA-88B3-1623A718DFD1}.Release|ARM64.ActiveCfg = Release|Any CPU
		{9DE11F03-73A8-4DCA-88B3-1623A718DFD1}.Release|ARM64.Build.0 = Release|Any CPU
		{9DE11F03-73A8-4DCA-88B3-1623A718DFD1}.Release|Win32.ActiveCfg = Release|Win32
		{9DE11F03-73A8-4DCA-88B3-1623A718DFD1}.Release|Win32.Build.0 = Release|Win32
		{9DE11F03-73A8-4DCA-88B3-1623A718DFD1}.Release|x64.ActiveCfg = Release|x64
		{9DE11F03-73A8-4DCA-88B3-1623A718DFD1}.Release|x64.Build.0 = Release|x64
		{3F3F0E7F-594F-4006-A3EF-5E5624EF147C}.Debug|Any CPU.ActiveCfg = Debug|Any CPU
		{3F3F0E7F-594F-4006-A3EF-5E5624EF147C}.Debug|Any CPU.Build.0 = Debug|Any CPU
		{3F3F0E7F-594F-4006-A3EF-5E5624EF147C}.Debug|ARM.ActiveCfg = Debug|Any CPU
		{3F3F0E7F-594F-4006-A3EF-5E5624EF147C}.Debug|ARM.Build.0 = Debug|Any CPU
		{3F3F0E7F-594F-4006-A3EF-5E5624EF147C}.Debug|ARM64.ActiveCfg = Debug|Any CPU
		{3F3F0E7F-594F-4006-A3EF-5E5624EF147C}.Debug|ARM64.Build.0 = Debug|Any CPU
		{3F3F0E7F-594F-4006-A3EF-5E5624EF147C}.Debug|Win32.ActiveCfg = Debug|Win32
		{3F3F0E7F-594F-4006-A3EF-5E5624EF147C}.Debug|Win32.Build.0 = Debug|Win32
		{3F3F0E7F-594F-4006-A3EF-5E5624EF147C}.Debug|x64.ActiveCfg = Debug|x64
		{3F3F0E7F-594F-4006-A3EF-5E5624EF147C}.Debug|x64.Build.0 = Debug|x64
		{3F3F0E7F-594F-4006-A3EF-5E5624EF147C}.Release|Any CPU.ActiveCfg = Release|Any CPU
		{3F3F0E7F-594F-4006-A3EF-5E5624EF147C}.Release|Any CPU.Build.0 = Release|Any CPU
		{3F3F0E7F-594F-4006-A3EF-5E5624EF147C}.Release|ARM.ActiveCfg = Release|Any CPU
		{3F3F0E7F-594F-4006-A3EF-5E5624EF147C}.Release|ARM.Build.0 = Release|Any CPU
		{3F3F0E7F-594F-4006-A3EF-5E5624EF147C}.Release|ARM64.ActiveCfg = Release|Any CPU
		{3F3F0E7F-594F-4006-A3EF-5E5624EF147C}.Release|ARM64.Build.0 = Release|Any CPU
		{3F3F0E7F-594F-4006-A3EF-5E5624EF147C}.Release|Win32.ActiveCfg = Release|Win32
		{3F3F0E7F-594F-4006-A3EF-5E5624EF147C}.Release|Win32.Build.0 = Release|Win32
		{3F3F0E7F-594F-4006-A3EF-5E5624EF147C}.Release|x64.ActiveCfg = Release|x64
		{3F3F0E7F-594F-4006-A3EF-5E5624EF147C}.Release|x64.Build.0 = Release|x64
		{C8DA9E71-2F7F-4E7C-8DC7-766FF0F67196}.Debug|Any CPU.ActiveCfg = Debug|Any CPU
		{C8DA9E71-2F7F-4E7C-8DC7-766FF0F67196}.Debug|Any CPU.Build.0 = Debug|Any CPU
		{C8DA9E71-2F7F-4E7C-8DC7-766FF0F67196}.Debug|ARM.ActiveCfg = Debug|Any CPU
		{C8DA9E71-2F7F-4E7C-8DC7-766FF0F67196}.Debug|ARM.Build.0 = Debug|Any CPU
		{C8DA9E71-2F7F-4E7C-8DC7-766FF0F67196}.Debug|ARM64.ActiveCfg = Debug|Any CPU
		{C8DA9E71-2F7F-4E7C-8DC7-766FF0F67196}.Debug|ARM64.Build.0 = Debug|Any CPU
		{C8DA9E71-2F7F-4E7C-8DC7-766FF0F67196}.Debug|Win32.ActiveCfg = Debug|Win32
		{C8DA9E71-2F7F-4E7C-8DC7-766FF0F67196}.Debug|Win32.Build.0 = Debug|Win32
		{C8DA9E71-2F7F-4E7C-8DC7-766FF0F67196}.Debug|x64.ActiveCfg = Debug|x64
		{C8DA9E71-2F7F-4E7C-8DC7-766FF0F67196}.Debug|x64.Build.0 = Debug|x64
		{C8DA9E71-2F7F-4E7C-8DC7-766FF0F67196}.Release|Any CPU.ActiveCfg = Release|Any CPU
		{C8DA9E71-2F7F-4E7C-8DC7-766FF0F67196}.Release|Any CPU.Build.0 = Release|Any CPU
		{C8DA9E71-2F7F-4E7C-8DC7-766FF0F67196}.Release|ARM.ActiveCfg = Release|Any CPU
		{C8DA9E71-2F7F-4E7C-8DC7-766FF0F67196}.Release|ARM.Build.0 = Release|Any CPU
		{C8DA9E71-2F7F-4E7C-8DC7-766FF0F67196}.Release|ARM64.ActiveCfg = Release|Any CPU
		{C8DA9E71-2F7F-4E7C-8DC7-766FF0F67196}.Release|ARM64.Build.0 = Release|Any CPU
		{C8DA9E71-2F7F-4E7C-8DC7-766FF0F67196}.Release|Win32.ActiveCfg = Release|Win32
		{C8DA9E71-2F7F-4E7C-8DC7-766FF0F67196}.Release|Win32.Build.0 = Release|Win32
		{C8DA9E71-2F7F-4E7C-8DC7-766FF0F67196}.Release|x64.ActiveCfg = Release|x64
		{C8DA9E71-2F7F-4E7C-8DC7-766FF0F67196}.Release|x64.Build.0 = Release|x64
		{30AB0000-148D-48BE-85DB-70D9F7BDFEC5}.Debug|Any CPU.ActiveCfg = Debug|Any CPU
		{30AB0000-148D-48BE-85DB-70D9F7BDFEC5}.Debug|Any CPU.Build.0 = Debug|Any CPU
		{30AB0000-148D-48BE-85DB-70D9F7BDFEC5}.Debug|ARM.ActiveCfg = Debug|Any CPU
		{30AB0000-148D-48BE-85DB-70D9F7BDFEC5}.Debug|ARM.Build.0 = Debug|Any CPU
		{30AB0000-148D-48BE-85DB-70D9F7BDFEC5}.Debug|ARM64.ActiveCfg = Debug|Any CPU
		{30AB0000-148D-48BE-85DB-70D9F7BDFEC5}.Debug|ARM64.Build.0 = Debug|Any CPU
		{30AB0000-148D-48BE-85DB-70D9F7BDFEC5}.Debug|Win32.ActiveCfg = Debug|Win32
		{30AB0000-148D-48BE-85DB-70D9F7BDFEC5}.Debug|Win32.Build.0 = Debug|Win32
		{30AB0000-148D-48BE-85DB-70D9F7BDFEC5}.Debug|x64.ActiveCfg = Debug|x64
		{30AB0000-148D-48BE-85DB-70D9F7BDFEC5}.Debug|x64.Build.0 = Debug|x64
		{30AB0000-148D-48BE-85DB-70D9F7BDFEC5}.Release|Any CPU.ActiveCfg = Release|Any CPU
		{30AB0000-148D-48BE-85DB-70D9F7BDFEC5}.Release|Any CPU.Build.0 = Release|Any CPU
		{30AB0000-148D-48BE-85DB-70D9F7BDFEC5}.Release|ARM.ActiveCfg = Release|Any CPU
		{30AB0000-148D-48BE-85DB-70D9F7BDFEC5}.Release|ARM.Build.0 = Release|Any CPU
		{30AB0000-148D-48BE-85DB-70D9F7BDFEC5}.Release|ARM64.ActiveCfg = Release|Any CPU
		{30AB0000-148D-48BE-85DB-70D9F7BDFEC5}.Release|ARM64.Build.0 = Release|Any CPU
		{30AB0000-148D-48BE-85DB-70D9F7BDFEC5}.Release|Win32.ActiveCfg = Release|Win32
		{30AB0000-148D-48BE-85DB-70D9F7BDFEC5}.Release|Win32.Build.0 = Release|Win32
		{30AB0000-148D-48BE-85DB-70D9F7BDFEC5}.Release|x64.ActiveCfg = Release|x64
		{30AB0000-148D-48BE-85DB-70D9F7BDFEC5}.Release|x64.Build.0 = Release|x64
		{17320A27-C039-4973-95AA-ACB3EFA1D47E}.Debug|Any CPU.ActiveCfg = Debug|Any CPU
		{17320A27-C039-4973-95AA-ACB3EFA1D47E}.Debug|Any CPU.Build.0 = Debug|Any CPU
		{17320A27-C039-4973-95AA-ACB3EFA1D47E}.Debug|ARM.ActiveCfg = Debug|Any CPU
		{17320A27-C039-4973-95AA-ACB3EFA1D47E}.Debug|ARM.Build.0 = Debug|Any CPU
		{17320A27-C039-4973-95AA-ACB3EFA1D47E}.Debug|ARM64.ActiveCfg = Debug|Any CPU
		{17320A27-C039-4973-95AA-ACB3EFA1D47E}.Debug|ARM64.Build.0 = Debug|Any CPU
		{17320A27-C039-4973-95AA-ACB3EFA1D47E}.Debug|Win32.ActiveCfg = Debug|Win32
		{17320A27-C039-4973-95AA-ACB3EFA1D47E}.Debug|Win32.Build.0 = Debug|Win32
		{17320A27-C039-4973-95AA-ACB3EFA1D47E}.Debug|x64.ActiveCfg = Debug|x64
		{17320A27-C039-4973-95AA-ACB3EFA1D47E}.Debug|x64.Build.0 = Debug|x64
		{17320A27-C039-4973-95AA-ACB3EFA1D47E}.Release|Any CPU.ActiveCfg = Release|Any CPU
		{17320A27-C039-4973-95AA-ACB3EFA1D47E}.Release|Any CPU.Build.0 = Release|Any CPU
		{17320A27-C039-4973-95AA-ACB3EFA1D47E}.Release|ARM.ActiveCfg = Release|Any CPU
		{17320A27-C039-4973-95AA-ACB3EFA1D47E}.Release|ARM.Build.0 = Release|Any CPU
		{17320A27-C039-4973-95AA-ACB3EFA1D47E}.Release|ARM64.ActiveCfg = Release|Any CPU
		{17320A27-C039-4973-95AA-ACB3EFA1D47E}.Release|ARM64.Build.0 = Release|Any CPU
		{17320A27-C039-4973-95AA-ACB3EFA1D47E}.Release|Win32.ActiveCfg = Release|Win32
		{17320A27-C039-4973-95AA-ACB3EFA1D47E}.Release|Win32.Build.0 = Release|Win32
		{17320A27-C039-4973-95AA-ACB3EFA1D47E}.Release|x64.ActiveCfg = Release|x64
		{17320A27-C039-4973-95AA-ACB3EFA1D47E}.Release|x64.Build.0 = Release|x64
		{33783A04-0CB4-4CE5-A9FE-82E2E7E06D1F}.Debug|Any CPU.ActiveCfg = Debug|Any CPU
		{33783A04-0CB4-4CE5-A9FE-82E2E7E06D1F}.Debug|Any CPU.Build.0 = Debug|Any CPU
		{33783A04-0CB4-4CE5-A9FE-82E2E7E06D1F}.Debug|ARM.ActiveCfg = Debug|Any CPU
		{33783A04-0CB4-4CE5-A9FE-82E2E7E06D1F}.Debug|ARM.Build.0 = Debug|Any CPU
		{33783A04-0CB4-4CE5-A9FE-82E2E7E06D1F}.Debug|ARM64.ActiveCfg = Debug|Any CPU
		{33783A04-0CB4-4CE5-A9FE-82E2E7E06D1F}.Debug|ARM64.Build.0 = Debug|Any CPU
		{33783A04-0CB4-4CE5-A9FE-82E2E7E06D1F}.Debug|Win32.ActiveCfg = Debug|Win32
		{33783A04-0CB4-4CE5-A9FE-82E2E7E06D1F}.Debug|Win32.Build.0 = Debug|Win32
		{33783A04-0CB4-4CE5-A9FE-82E2E7E06D1F}.Debug|x64.ActiveCfg = Debug|x64
		{33783A04-0CB4-4CE5-A9FE-82E2E7E06D1F}.Debug|x64.Build.0 = Debug|x64
		{33783A04-0CB4-4CE5-A9FE-82E2E7E06D1F}.Release|Any CPU.ActiveCfg = Release|Any CPU
		{33783A04-0CB4-4CE5-A9FE-82E2E7E06D1F}.Release|Any CPU.Build.0 = Release|Any CPU
		{33783A04-0CB4-4CE5-A9FE-82E2E7E06D1F}.Release|ARM.ActiveCfg = Release|Any CPU
		{33783A04-0CB4-4CE5-A9FE-82E2E7E06D1F}.Release|ARM.Build.0 = Release|Any CPU
		{33783A04-0CB4-4CE5-A9FE-82E2E7E06D1F}.Release|ARM64.ActiveCfg = Release|Any CPU
		{33783A04-0CB4-4CE5-A9FE-82E2E7E06D1F}.Release|ARM64.Build.0 = Release|Any CPU
		{33783A04-0CB4-4CE5-A9FE-82E2E7E06D1F}.Release|Win32.ActiveCfg = Release|Win32
		{33783A04-0CB4-4CE5-A9FE-82E2E7E06D1F}.Release|Win32.Build.0 = Release|Win32
		{33783A04-0CB4-4CE5-A9FE-82E2E7E06D1F}.Release|x64.ActiveCfg = Release|x64
		{33783A04-0CB4-4CE5-A9FE-82E2E7E06D1F}.Release|x64.Build.0 = Release|x64
		{938DD23E-270E-488B-AC4C-CA68A545A8F2}.Debug|Any CPU.ActiveCfg = Debug|Any CPU
		{938DD23E-270E-488B-AC4C-CA68A545A8F2}.Debug|Any CPU.Build.0 = Debug|Any CPU
		{938DD23E-270E-488B-AC4C-CA68A545A8F2}.Debug|ARM.ActiveCfg = Debug|Any CPU
		{938DD23E-270E-488B-AC4C-CA68A545A8F2}.Debug|ARM.Build.0 = Debug|Any CPU
		{938DD23E-270E-488B-AC4C-CA68A545A8F2}.Debug|ARM64.ActiveCfg = Debug|Any CPU
		{938DD23E-270E-488B-AC4C-CA68A545A8F2}.Debug|ARM64.Build.0 = Debug|Any CPU
		{938DD23E-270E-488B-AC4C-CA68A545A8F2}.Debug|Win32.ActiveCfg = Debug|Win32
		{938DD23E-270E-488B-AC4C-CA68A545A8F2}.Debug|Win32.Build.0 = Debug|Win32
		{938DD23E-270E-488B-AC4C-CA68A545A8F2}.Debug|x64.ActiveCfg = Debug|x64
		{938DD23E-270E-488B-AC4C-CA68A545A8F2}.Debug|x64.Build.0 = Debug|x64
		{938DD23E-270E-488B-AC4C-CA68A545A8F2}.Release|Any CPU.ActiveCfg = Release|Any CPU
		{938DD23E-270E-488B-AC4C-CA68A545A8F2}.Release|Any CPU.Build.0 = Release|Any CPU
		{938DD23E-270E-488B-AC4C-CA68A545A8F2}.Release|ARM.ActiveCfg = Release|Any CPU
		{938DD23E-270E-488B-AC4C-CA68A545A8F2}.Release|ARM.Build.0 = Release|Any CPU
		{938DD23E-270E-488B-AC4C-CA68A545A8F2}.Release|ARM64.ActiveCfg = Release|Any CPU
		{938DD23E-270E-488B-AC4C-CA68A545A8F2}.Release|ARM64.Build.0 = Release|Any CPU
		{938DD23E-270E-488B-AC4C-CA68A545A8F2}.Release|Win32.ActiveCfg = Release|Win32
		{938DD23E-270E-488B-AC4C-CA68A545A8F2}.Release|Win32.Build.0 = Release|Win32
		{938DD23E-270E-488B-AC4C-CA68A545A8F2}.Release|x64.ActiveCfg = Release|x64
		{938DD23E-270E-488B-AC4C-CA68A545A8F2}.Release|x64.Build.0 = Release|x64
		{80195619-D4CF-4287-BA59-08077486BE1C}.Debug|Any CPU.ActiveCfg = Debug|Any CPU
		{80195619-D4CF-4287-BA59-08077486BE1C}.Debug|Any CPU.Build.0 = Debug|Any CPU
		{80195619-D4CF-4287-BA59-08077486BE1C}.Debug|ARM.ActiveCfg = Debug|Any CPU
		{80195619-D4CF-4287-BA59-08077486BE1C}.Debug|ARM.Build.0 = Debug|Any CPU
		{80195619-D4CF-4287-BA59-08077486BE1C}.Debug|ARM64.ActiveCfg = Debug|Any CPU
		{80195619-D4CF-4287-BA59-08077486BE1C}.Debug|ARM64.Build.0 = Debug|Any CPU
		{80195619-D4CF-4287-BA59-08077486BE1C}.Debug|Win32.ActiveCfg = Debug|Win32
		{80195619-D4CF-4287-BA59-08077486BE1C}.Debug|Win32.Build.0 = Debug|Win32
		{80195619-D4CF-4287-BA59-08077486BE1C}.Debug|x64.ActiveCfg = Debug|x64
		{80195619-D4CF-4287-BA59-08077486BE1C}.Debug|x64.Build.0 = Debug|x64
		{80195619-D4CF-4287-BA59-08077486BE1C}.Release|Any CPU.ActiveCfg = Release|Any CPU
		{80195619-D4CF-4287-BA59-08077486BE1C}.Release|Any CPU.Build.0 = Release|Any CPU
		{80195619-D4CF-4287-BA59-08077486BE1C}.Release|ARM.ActiveCfg = Release|Any CPU
		{80195619-D4CF-4287-BA59-08077486BE1C}.Release|ARM.Build.0 = Release|Any CPU
		{80195619-D4CF-4287-BA59-08077486BE1C}.Release|ARM64.ActiveCfg = Release|Any CPU
		{80195619-D4CF-4287-BA59-08077486BE1C}.Release|ARM64.Build.0 = Release|Any CPU
		{80195619-D4CF-4287-BA59-08077486BE1C}.Release|Win32.ActiveCfg = Release|Win32
		{80195619-D4CF-4287-BA59-08077486BE1C}.Release|Win32.Build.0 = Release|Win32
		{80195619-D4CF-4287-BA59-08077486BE1C}.Release|x64.ActiveCfg = Release|x64
		{80195619-D4CF-4287-BA59-08077486BE1C}.Release|x64.Build.0 = Release|x64
		{FD33E535-127D-48AC-8788-0F61FA2A251C}.Debug|Any CPU.ActiveCfg = Debug|Any CPU
		{FD33E535-127D-48AC-8788-0F61FA2A251C}.Debug|Any CPU.Build.0 = Debug|Any CPU
		{FD33E535-127D-48AC-8788-0F61FA2A251C}.Debug|ARM.ActiveCfg = Debug|Any CPU
		{FD33E535-127D-48AC-8788-0F61FA2A251C}.Debug|ARM.Build.0 = Debug|Any CPU
		{FD33E535-127D-48AC-8788-0F61FA2A251C}.Debug|ARM64.ActiveCfg = Debug|Any CPU
		{FD33E535-127D-48AC-8788-0F61FA2A251C}.Debug|ARM64.Build.0 = Debug|Any CPU
		{FD33E535-127D-48AC-8788-0F61FA2A251C}.Debug|Win32.ActiveCfg = Debug|Win32
		{FD33E535-127D-48AC-8788-0F61FA2A251C}.Debug|Win32.Build.0 = Debug|Win32
		{FD33E535-127D-48AC-8788-0F61FA2A251C}.Debug|x64.ActiveCfg = Debug|x64
		{FD33E535-127D-48AC-8788-0F61FA2A251C}.Debug|x64.Build.0 = Debug|x64
		{FD33E535-127D-48AC-8788-0F61FA2A251C}.Release|Any CPU.ActiveCfg = Release|Any CPU
		{FD33E535-127D-48AC-8788-0F61FA2A251C}.Release|Any CPU.Build.0 = Release|Any CPU
		{FD33E535-127D-48AC-8788-0F61FA2A251C}.Release|ARM.ActiveCfg = Release|Any CPU
		{FD33E535-127D-48AC-8788-0F61FA2A251C}.Release|ARM.Build.0 = Release|Any CPU
		{FD33E535-127D-48AC-8788-0F61FA2A251C}.Release|ARM64.ActiveCfg = Release|Any CPU
		{FD33E535-127D-48AC-8788-0F61FA2A251C}.Release|ARM64.Build.0 = Release|Any CPU
		{FD33E535-127D-48AC-8788-0F61FA2A251C}.Release|Win32.ActiveCfg = Release|Win32
		{FD33E535-127D-48AC-8788-0F61FA2A251C}.Release|Win32.Build.0 = Release|Win32
		{FD33E535-127D-48AC-8788-0F61FA2A251C}.Release|x64.ActiveCfg = Release|x64
		{FD33E535-127D-48AC-8788-0F61FA2A251C}.Release|x64.Build.0 = Release|x64
	EndGlobalSection
	GlobalSection(SolutionProperties) = preSolution
		HideSolutionNode = FALSE
	EndGlobalSection
	GlobalSection(NestedProjects) = preSolution
		{93ABC6A8-319A-4291-B8E2-607D3272A4B4} = {1F0E7E88-D403-4676-9B8B-2EA426C49740}
		{2D9BD73D-5A5E-4113-AEA9-53D059A79A41} = {46667165-BDC3-4FC2-9BC3-E4B1AEB1E05B}
		{F19716E6-41A1-4320-A819-288172CE161C} = {46667165-BDC3-4FC2-9BC3-E4B1AEB1E05B}
		{824C3303-D492-4806-95CD-9AA20AB34BB3} = {1F0E7E88-D403-4676-9B8B-2EA426C49740}
		{CB2F63A2-4403-4781-A4E3-6F564CB845B9} = {34272930-CFC7-4E33-9DB9-88E82AE2C046}
		{1F0E7E88-D403-4676-9B8B-2EA426C49740} = {CB2F63A2-4403-4781-A4E3-6F564CB845B9}
		{CD06AC1A-5DAA-4161-8D57-92D27C4FD911} = {63F11D46-2E6A-4B6A-B57B-CB83FFCAB63F}
		{46667165-BDC3-4FC2-9BC3-E4B1AEB1E05B} = {CD06AC1A-5DAA-4161-8D57-92D27C4FD911}
		{CDE4582D-B72C-4889-A73D-07EE968B0A74} = {CB2F63A2-4403-4781-A4E3-6F564CB845B9}
		{627B2125-97B1-4620-97AA-AD46B37AC9D1} = {CDE4582D-B72C-4889-A73D-07EE968B0A74}
		{1F0ED7C6-3679-4288-9CEA-7B30437D3FA6} = {CD06AC1A-5DAA-4161-8D57-92D27C4FD911}
		{1E071372-7CB7-47BC-9BA2-8235F9BB09C8} = {1F0ED7C6-3679-4288-9CEA-7B30437D3FA6}
		{99C19C7C-6472-44F6-89E2-389AB6534F42} = {1F0ED7C6-3679-4288-9CEA-7B30437D3FA6}
		{2A3D41EE-5641-4DEB-AC2C-B433CBC9174D} = {1F0E7E88-D403-4676-9B8B-2EA426C49740}
		{2C5873D8-E908-41F2-B861-80F95280FBCA} = {46667165-BDC3-4FC2-9BC3-E4B1AEB1E05B}
		{F27A31A1-917C-4E75-B2A5-EEC55B287150} = {34272930-CFC7-4E33-9DB9-88E82AE2C046}
		{1A8A7481-2108-496B-802D-39F9C08D86F3} = {F27A31A1-917C-4E75-B2A5-EEC55B287150}
		{81221BE8-00A2-4841-B62C-9E751C298066} = {9CD9DCF4-B94A-454D-8068-1F5C7E84E1A8}
		{761212D7-B5D2-4629-98C8-88F6A24982BB} = {1F0ED7C6-3679-4288-9CEA-7B30437D3FA6}
		{9DE11F03-73A8-4DCA-88B3-1623A718DFD1} = {01EE62F3-3B99-43B0-9E99-29FA871D48E2}
		{E7C0B105-E6A4-43E4-AC0F-5D4F5CDDC395} = {63F11D46-2E6A-4B6A-B57B-CB83FFCAB63F}
		{9CD9DCF4-B94A-454D-8068-1F5C7E84E1A8} = {E7C0B105-E6A4-43E4-AC0F-5D4F5CDDC395}
		{01EE62F3-3B99-43B0-9E99-29FA871D48E2} = {E7C0B105-E6A4-43E4-AC0F-5D4F5CDDC395}
		{3F3F0E7F-594F-4006-A3EF-5E5624EF147C} = {1F0ED7C6-3679-4288-9CEA-7B30437D3FA6}
		{C8DA9E71-2F7F-4E7C-8DC7-766FF0F67196} = {46667165-BDC3-4FC2-9BC3-E4B1AEB1E05B}
		{30AB0000-148D-48BE-85DB-70D9F7BDFEC5} = {1F0ED7C6-3679-4288-9CEA-7B30437D3FA6}
		{17320A27-C039-4973-95AA-ACB3EFA1D47E} = {46667165-BDC3-4FC2-9BC3-E4B1AEB1E05B}
		{EC44EE95-8EC9-4EE5-A8A6-E6BE2F32C843} = {F27A31A1-917C-4E75-B2A5-EEC55B287150}
		{33783A04-0CB4-4CE5-A9FE-82E2E7E06D1F} = {EC44EE95-8EC9-4EE5-A8A6-E6BE2F32C843}
		{938DD23E-270E-488B-AC4C-CA68A545A8F2} = {EC44EE95-8EC9-4EE5-A8A6-E6BE2F32C843}
		{80195619-D4CF-4287-BA59-08077486BE1C} = {1A8A7481-2108-496B-802D-39F9C08D86F3}
		{50DEEF87-BC2F-4B45-B97D-B83135F12786} = {34272930-CFC7-4E33-9DB9-88E82AE2C046}
		{4D266288-D49F-46D4-90E0-667E81D6A433} = {50DEEF87-BC2F-4B45-B97D-B83135F12786}
		{FD33E535-127D-48AC-8788-0F61FA2A251C} = {4D266288-D49F-46D4-90E0-667E81D6A433}
	EndGlobalSection
	GlobalSection(ExtensibilityGlobals) = postSolution
		SolutionGuid = {A417E325-71BD-4C29-94F8-F21FB3F5C392}
	EndGlobalSection
EndGlobal
