
Microsoft Visual Studio Solution File, Format Version 12.00
# Visual Studio Version 17
VisualStudioVersion = 17.0.31619.372
MinimumVisualStudioVersion = 10.0.40219.1
Project("{FAE04EC0-301F-11D3-BF4B-00C04F79EFBC}") = "WinUI.Neutral.Cs.BlankPage", "ItemTemplates\Neutral\CSharp\BlankPage\WinUI.Neutral.Cs.BlankPage.csproj", "{2D9BD73D-5A5E-4113-AEA9-53D059A79A41}"
EndProject
Project("{FAE04EC0-301F-11D3-BF4B-00C04F79EFBC}") = "WinUI.Neutral.Cs.UserControl", "ItemTemplates\Neutral\CSharp\UserControl\WinUI.Neutral.Cs.UserControl.csproj", "{F19716E6-41A1-4320-A819-288172CE161C}"
EndProject
Project("{2150E333-8FDC-42A3-9474-1A3956D46DE8}") = "ProjectTemplates", "ProjectTemplates", "{34272930-CFC7-4E33-9DB9-88E82AE2C046}"
EndProject
Project("{2150E333-8FDC-42A3-9474-1A3956D46DE8}") = "CSharp", "CSharp", "{1F0E7E88-D403-4676-9B8B-2EA426C49740}"
EndProject
Project("{2150E333-8FDC-42A3-9474-1A3956D46DE8}") = "ItemTemplates", "ItemTemplates", "{63F11D46-2E6A-4B6A-B57B-CB83FFCAB63F}"
EndProject
Project("{2150E333-8FDC-42A3-9474-1A3956D46DE8}") = "Neutral", "Neutral", "{CD06AC1A-5DAA-4161-8D57-92D27C4FD911}"
EndProject
Project("{2150E333-8FDC-42A3-9474-1A3956D46DE8}") = "CSharp", "CSharp", "{46667165-BDC3-4FC2-9BC3-E4B1AEB1E05B}"
EndProject
Project("{2150E333-8FDC-42A3-9474-1A3956D46DE8}") = "CppWinRT", "CppWinRT", "{CDE4582D-B72C-4889-A73D-07EE968B0A74}"
EndProject
Project("{2150E333-8FDC-42A3-9474-1A3956D46DE8}") = "CppWinRT", "CppWinRT", "{1F0ED7C6-3679-4288-9CEA-7B30437D3FA6}"
EndProject
Project("{FAE04EC0-301F-11D3-BF4B-00C04F79EFBC}") = "WinUI.Neutral.CppWinRT.BlankPage", "ItemTemplates\Neutral\CppWinRT\BlankPage\WinUI.Neutral.CppWinRT.BlankPage.csproj", "{1E071372-7CB7-47BC-9BA2-8235F9BB09C8}"
EndProject
Project("{FAE04EC0-301F-11D3-BF4B-00C04F79EFBC}") = "WinUI.Neutral.CppWinRT.UserControl", "ItemTemplates\Neutral\CppWinRT\UserControl\WinUI.Neutral.CppWinRT.UserControl.csproj", "{99C19C7C-6472-44F6-89E2-389AB6534F42}"
EndProject
Project("{FAE04EC0-301F-11D3-BF4B-00C04F79EFBC}") = "WinUI.Neutral.Cs.TemplatedControl", "ItemTemplates\Neutral\CSharp\TemplatedControl\WinUI.Neutral.Cs.TemplatedControl.csproj", "{2C5873D8-E908-41F2-B861-80F95280FBCA}"
EndProject
Project("{2150E333-8FDC-42A3-9474-1A3956D46DE8}") = "Desktop", "Desktop", "{F27A31A1-917C-4E75-B2A5-EEC55B287150}"
EndProject
Project("{2150E333-8FDC-42A3-9474-1A3956D46DE8}") = "CppWinRT", "CppWinRT", "{1A8A7481-2108-496B-802D-39F9C08D86F3}"
EndProject
Project("{FAE04EC0-301F-11D3-BF4B-00C04F79EFBC}") = "WinUI.Desktop.CppWinRT.BlankWindow", "ItemTemplates\Desktop\CppWinRT\BlankWindow\WinUI.Desktop.CppWinRT.BlankWindow.csproj", "{81221BE8-00A2-4841-B62C-9E751C298066}"
EndProject
Project("{FAE04EC0-301F-11D3-BF4B-00C04F79EFBC}") = "WinUI.Neutral.CppWinRT.TemplatedControl", "ItemTemplates\Neutral\CppWinRT\TemplatedControl\WinUI.Neutral.CppWinRT.TemplatedControl.csproj", "{761212D7-B5D2-4629-98C8-88F6A24982BB}"
EndProject
Project("{FAE04EC0-301F-11D3-BF4B-00C04F79EFBC}") = "WinUI.Desktop.Cs.BlankWindow", "ItemTemplates\Desktop\CSharp\BlankWindow\WinUI.Desktop.Cs.BlankWindow.csproj", "{9DE11F03-73A8-4DCA-88B3-1623A718DFD1}"
EndProject
Project("{2150E333-8FDC-42A3-9474-1A3956D46DE8}") = "Desktop", "Desktop", "{E7C0B105-E6A4-43E4-AC0F-5D4F5CDDC395}"
EndProject
Project("{2150E333-8FDC-42A3-9474-1A3956D46DE8}") = "CppWinRT", "CppWinRT", "{9CD9DCF4-B94A-454D-8068-1F5C7E84E1A8}"
EndProject
Project("{2150E333-8FDC-42A3-9474-1A3956D46DE8}") = "CSharp", "CSharp", "{01EE62F3-3B99-43B0-9E99-29FA871D48E2}"
EndProject
Project("{FAE04EC0-301F-11D3-BF4B-00C04F79EFBC}") = "WinUI.Neutral.CppWinRT.ResourceDictionary", "ItemTemplates\Neutral\CppWinRT\ResourceDictionary\WinUI.Neutral.CppWinRT.ResourceDictionary.csproj", "{3F3F0E7F-594F-4006-A3EF-5E5624EF147C}"
EndProject
Project("{FAE04EC0-301F-11D3-BF4B-00C04F79EFBC}") = "WinUI.Neutral.Cs.ResourceDictionary", "ItemTemplates\Neutral\CSharp\ResourceDictionary\WinUI.Neutral.Cs.ResourceDictionary.csproj", "{C8DA9E71-2F7F-4E7C-8DC7-766FF0F67196}"
EndProject
Project("{2150E333-8FDC-42A3-9474-1A3956D46DE8}") = "Solution Items", "Solution Items", "{BCBB50CD-2C38-4B27-940B-1FEDD2C6DECE}"
	ProjectSection(SolutionItems) = preProject
		default-package-versions.props = default-package-versions.props
		Directory.Build.props = Directory.Build.props
		update-package-versions.targets = update-package-versions.targets
	EndProjectSection
EndProject
Project("{FAE04EC0-301F-11D3-BF4B-00C04F79EFBC}") = "WinUI.Neutral.CppWinRT.Resw", "ItemTemplates\Neutral\CppWinRT\Resw\WinUI.Neutral.CppWinRT.Resw.csproj", "{30AB0000-148D-48BE-85DB-70D9F7BDFEC5}"
EndProject
Project("{FAE04EC0-301F-11D3-BF4B-00C04F79EFBC}") = "WinUI.Neutral.Cs.Resw", "ItemTemplates\Neutral\CSharp\Resw\WinUI.Neutral.Cs.Resw.csproj", "{17320A27-C039-4973-95AA-ACB3EFA1D47E}"
EndProject
Project("{2150E333-8FDC-42A3-9474-1A3956D46DE8}") = "CSharp", "CSharp", "{EC44EE95-8EC9-4EE5-A8A6-E6BE2F32C843}"
EndProject
Project("{FAE04EC0-301F-11D3-BF4B-00C04F79EFBC}") = "WinUI.Desktop.Cs.ClassLibrary", "ProjectTemplates\Desktop\CSharp\ClassLibrary\WinUI.Desktop.Cs.ClassLibrary.csproj", "{33783A04-0CB4-4CE5-A9FE-82E2E7E06D1F}"
EndProject
Project("{FAE04EC0-301F-11D3-BF4B-00C04F79EFBC}") = "WinUI.Desktop.Cs.PackagedApp", "ProjectTemplates\Desktop\CSharp\PackagedApp\WinUI.Desktop.Cs.PackagedApp.csproj", "{938DD23E-270E-488B-AC4C-CA68A545A8F2}"
EndProject
Project("{FAE04EC0-301F-11D3-BF4B-00C04F79EFBC}") = "WinUI.Desktop.CppWinRT.PackagedApp", "ProjectTemplates\Desktop\CppWinRT\PackagedApp\WinUI.Desktop.CppWinRT.PackagedApp.csproj", "{80195619-D4CF-4287-BA59-08077486BE1C}"
EndProject
Project("{2150E333-8FDC-42A3-9474-1A3956D46DE8}") = "Neutral", "Neutral", "{50DEEF87-BC2F-4B45-B97D-B83135F12786}"
EndProject
Project("{2150E333-8FDC-42A3-9474-1A3956D46DE8}") = "CppWinRT", "CppWinRT", "{4D266288-D49F-46D4-90E0-667E81D6A433}"
EndProject
Project("{FAE04EC0-301F-11D3-BF4B-00C04F79EFBC}") = "WinUI.Neutral.CppWinRT.RuntimeComponent", "ProjectTemplates\Neutral\CppWinRT\RuntimeComponent\WinUI.Neutral.CppWinRT.RuntimeComponent.csproj", "{FD33E535-127D-48AC-8788-0F61FA2A251C}"
EndProject
Project("{FAE04EC0-301F-11D3-BF4B-00C04F79EFBC}") = "WinUI.Desktop.Cs.SingleProjectPackagedApp", "ProjectTemplates\Desktop\CSharp\SingleProjectPackagedApp\WinUI.Desktop.Cs.SingleProjectPackagedApp.csproj", "{D9C038B7-6A62-4945-A030-4AC7597F53CA}"
EndProject
Project("{FAE04EC0-301F-11D3-BF4B-00C04F79EFBC}") = "WinUI.Desktop.CppWinRT.SingleProjectPackagedApp", "ProjectTemplates\Desktop\CppWinRT\SingleProjectPackagedApp\WinUI.Desktop.CppWinRT.SingleProjectPackagedApp.csproj", "{E54D1AD4-E935-479D-8A69-FC073E4DB33D}"
EndProject
Project("{9A19103F-16F7-4668-BE54-9A1E7A4F7556}") = "WindowsAppSDK.Cs.Extension.Dev17", "Extension\Cs\Dev17\WindowsAppSDK.Cs.Extension.Dev17.csproj", "{E700DF09-42A9-4AC7-9855-400029FBFDBE}"
EndProject
Project("{9A19103F-16F7-4668-BE54-9A1E7A4F7556}") = "WindowsAppSDK.Cpp.Extension.Dev17", "Extension\Cpp\Dev17\WindowsAppSDK.Cpp.Extension.Dev17.csproj", "{85E88201-049C-4E42-AE85-DFEEFA7C533C}"
EndProject
Project("{FAE04EC0-301F-11D3-BF4B-00C04F79EFBC}") = "WinUI.Desktop.Cs.UnitTestApp", "ProjectTemplates\Desktop\CSharp\UnitTestApp\WinUI.Desktop.Cs.UnitTestApp.csproj", "{45777B9F-9CC1-47D7-BD66-C3C194277902}"
EndProject
Project("{FAE04EC0-301F-11D3-BF4B-00C04F79EFBC}") = "WinUI.Desktop.CppWinRT.UnitTestApp", "ProjectTemplates\Desktop\CppWinRT\UnitTestApp\WinUI.Desktop.CppWinRT.UnitTestApp.csproj", "{DFA6B905-57A3-4B31-A74B-25BA2243389F}"
EndProject
Project("{2150E333-8FDC-42A3-9474-1A3956D46DE8}") = "Shared", "Shared", "{96699B60-67B5-4186-9FEC-3963ED811FF0}"
	ProjectSection(SolutionItems) = preProject
		Shared\WizardImplementation.cs = Shared\WizardImplementation.cs
	EndProjectSection
EndProject
Global
	GlobalSection(SolutionConfigurationPlatforms) = preSolution
		Debug|Any CPU = Debug|Any CPU
		Release|Any CPU = Release|Any CPU
	EndGlobalSection
	GlobalSection(ProjectConfigurationPlatforms) = postSolution
		{2D9BD73D-5A5E-4113-AEA9-53D059A79A41}.Debug|Any CPU.ActiveCfg = Debug|Any CPU
		{2D9BD73D-5A5E-4113-AEA9-53D059A79A41}.Debug|Any CPU.Build.0 = Debug|Any CPU
		{2D9BD73D-5A5E-4113-AEA9-53D059A79A41}.Release|Any CPU.ActiveCfg = Release|Any CPU
		{2D9BD73D-5A5E-4113-AEA9-53D059A79A41}.Release|Any CPU.Build.0 = Release|Any CPU
		{F19716E6-41A1-4320-A819-288172CE161C}.Debug|Any CPU.ActiveCfg = Debug|Any CPU
		{F19716E6-41A1-4320-A819-288172CE161C}.Debug|Any CPU.Build.0 = Debug|Any CPU
		{F19716E6-41A1-4320-A819-288172CE161C}.Release|Any CPU.ActiveCfg = Release|Any CPU
		{F19716E6-41A1-4320-A819-288172CE161C}.Release|Any CPU.Build.0 = Release|Any CPU
		{1E071372-7CB7-47BC-9BA2-8235F9BB09C8}.Debug|Any CPU.ActiveCfg = Debug|Any CPU
		{1E071372-7CB7-47BC-9BA2-8235F9BB09C8}.Debug|Any CPU.Build.0 = Debug|Any CPU
		{1E071372-7CB7-47BC-9BA2-8235F9BB09C8}.Release|Any CPU.ActiveCfg = Release|Any CPU
		{1E071372-7CB7-47BC-9BA2-8235F9BB09C8}.Release|Any CPU.Build.0 = Release|Any CPU
		{99C19C7C-6472-44F6-89E2-389AB6534F42}.Debug|Any CPU.ActiveCfg = Debug|Any CPU
		{99C19C7C-6472-44F6-89E2-389AB6534F42}.Debug|Any CPU.Build.0 = Debug|Any CPU
		{99C19C7C-6472-44F6-89E2-389AB6534F42}.Release|Any CPU.ActiveCfg = Release|Any CPU
		{99C19C7C-6472-44F6-89E2-389AB6534F42}.Release|Any CPU.Build.0 = Release|Any CPU
		{2C5873D8-E908-41F2-B861-80F95280FBCA}.Debug|Any CPU.ActiveCfg = Debug|Any CPU
		{2C5873D8-E908-41F2-B861-80F95280FBCA}.Debug|Any CPU.Build.0 = Debug|Any CPU
		{2C5873D8-E908-41F2-B861-80F95280FBCA}.Release|Any CPU.ActiveCfg = Release|Any CPU
		{2C5873D8-E908-41F2-B861-80F95280FBCA}.Release|Any CPU.Build.0 = Release|Any CPU
		{81221BE8-00A2-4841-B62C-9E751C298066}.Debug|Any CPU.ActiveCfg = Debug|Any CPU
		{81221BE8-00A2-4841-B62C-9E751C298066}.Debug|Any CPU.Build.0 = Debug|Any CPU
		{81221BE8-00A2-4841-B62C-9E751C298066}.Release|Any CPU.ActiveCfg = Release|Any CPU
		{81221BE8-00A2-4841-B62C-9E751C298066}.Release|Any CPU.Build.0 = Release|Any CPU
		{761212D7-B5D2-4629-98C8-88F6A24982BB}.Debug|Any CPU.ActiveCfg = Debug|Any CPU
		{761212D7-B5D2-4629-98C8-88F6A24982BB}.Debug|Any CPU.Build.0 = Debug|Any CPU
		{761212D7-B5D2-4629-98C8-88F6A24982BB}.Release|Any CPU.ActiveCfg = Release|Any CPU
		{761212D7-B5D2-4629-98C8-88F6A24982BB}.Release|Any CPU.Build.0 = Release|Any CPU
		{9DE11F03-73A8-4DCA-88B3-1623A718DFD1}.Debug|Any CPU.ActiveCfg = Debug|Any CPU
		{9DE11F03-73A8-4DCA-88B3-1623A718DFD1}.Debug|Any CPU.Build.0 = Debug|Any CPU
		{9DE11F03-73A8-4DCA-88B3-1623A718DFD1}.Release|Any CPU.ActiveCfg = Release|Any CPU
		{9DE11F03-73A8-4DCA-88B3-1623A718DFD1}.Release|Any CPU.Build.0 = Release|Any CPU
		{3F3F0E7F-594F-4006-A3EF-5E5624EF147C}.Debug|Any CPU.ActiveCfg = Debug|Any CPU
		{3F3F0E7F-594F-4006-A3EF-5E5624EF147C}.Debug|Any CPU.Build.0 = Debug|Any CPU
		{3F3F0E7F-594F-4006-A3EF-5E5624EF147C}.Release|Any CPU.ActiveCfg = Release|Any CPU
		{3F3F0E7F-594F-4006-A3EF-5E5624EF147C}.Release|Any CPU.Build.0 = Release|Any CPU
		{C8DA9E71-2F7F-4E7C-8DC7-766FF0F67196}.Debug|Any CPU.ActiveCfg = Debug|Any CPU
		{C8DA9E71-2F7F-4E7C-8DC7-766FF0F67196}.Debug|Any CPU.Build.0 = Debug|Any CPU
		{C8DA9E71-2F7F-4E7C-8DC7-766FF0F67196}.Release|Any CPU.ActiveCfg = Release|Any CPU
		{C8DA9E71-2F7F-4E7C-8DC7-766FF0F67196}.Release|Any CPU.Build.0 = Release|Any CPU
		{30AB0000-148D-48BE-85DB-70D9F7BDFEC5}.Debug|Any CPU.ActiveCfg = Debug|Any CPU
		{30AB0000-148D-48BE-85DB-70D9F7BDFEC5}.Debug|Any CPU.Build.0 = Debug|Any CPU
		{30AB0000-148D-48BE-85DB-70D9F7BDFEC5}.Release|Any CPU.ActiveCfg = Release|Any CPU
		{30AB0000-148D-48BE-85DB-70D9F7BDFEC5}.Release|Any CPU.Build.0 = Release|Any CPU
		{17320A27-C039-4973-95AA-ACB3EFA1D47E}.Debug|Any CPU.ActiveCfg = Debug|Any CPU
		{17320A27-C039-4973-95AA-ACB3EFA1D47E}.Debug|Any CPU.Build.0 = Debug|Any CPU
		{17320A27-C039-4973-95AA-ACB3EFA1D47E}.Release|Any CPU.ActiveCfg = Release|Any CPU
		{17320A27-C039-4973-95AA-ACB3EFA1D47E}.Release|Any CPU.Build.0 = Release|Any CPU
		{33783A04-0CB4-4CE5-A9FE-82E2E7E06D1F}.Debug|Any CPU.ActiveCfg = Debug|Any CPU
		{33783A04-0CB4-4CE5-A9FE-82E2E7E06D1F}.Debug|Any CPU.Build.0 = Debug|Any CPU
		{33783A04-0CB4-4CE5-A9FE-82E2E7E06D1F}.Release|Any CPU.ActiveCfg = Release|Any CPU
		{33783A04-0CB4-4CE5-A9FE-82E2E7E06D1F}.Release|Any CPU.Build.0 = Release|Any CPU
		{938DD23E-270E-488B-AC4C-CA68A545A8F2}.Debug|Any CPU.ActiveCfg = Debug|Any CPU
		{938DD23E-270E-488B-AC4C-CA68A545A8F2}.Debug|Any CPU.Build.0 = Debug|Any CPU
		{938DD23E-270E-488B-AC4C-CA68A545A8F2}.Release|Any CPU.ActiveCfg = Release|Any CPU
		{938DD23E-270E-488B-AC4C-CA68A545A8F2}.Release|Any CPU.Build.0 = Release|Any CPU
		{80195619-D4CF-4287-BA59-08077486BE1C}.Debug|Any CPU.ActiveCfg = Debug|Any CPU
		{80195619-D4CF-4287-BA59-08077486BE1C}.Debug|Any CPU.Build.0 = Debug|Any CPU
		{80195619-D4CF-4287-BA59-08077486BE1C}.Release|Any CPU.ActiveCfg = Release|Any CPU
		{80195619-D4CF-4287-BA59-08077486BE1C}.Release|Any CPU.Build.0 = Release|Any CPU
		{FD33E535-127D-48AC-8788-0F61FA2A251C}.Debug|Any CPU.ActiveCfg = Debug|Any CPU
		{FD33E535-127D-48AC-8788-0F61FA2A251C}.Debug|Any CPU.Build.0 = Debug|Any CPU
		{FD33E535-127D-48AC-8788-0F61FA2A251C}.Release|Any CPU.ActiveCfg = Release|Any CPU
		{FD33E535-127D-48AC-8788-0F61FA2A251C}.Release|Any CPU.Build.0 = Release|Any CPU
		{D9C038B7-6A62-4945-A030-4AC7597F53CA}.Debug|Any CPU.ActiveCfg = Debug|Any CPU
		{D9C038B7-6A62-4945-A030-4AC7597F53CA}.Debug|Any CPU.Build.0 = Debug|Any CPU
		{D9C038B7-6A62-4945-A030-4AC7597F53CA}.Release|Any CPU.ActiveCfg = Release|Any CPU
		{D9C038B7-6A62-4945-A030-4AC7597F53CA}.Release|Any CPU.Build.0 = Release|Any CPU
		{E54D1AD4-E935-479D-8A69-FC073E4DB33D}.Debug|Any CPU.ActiveCfg = Debug|Any CPU
		{E54D1AD4-E935-479D-8A69-FC073E4DB33D}.Debug|Any CPU.Build.0 = Debug|Any CPU
		{E54D1AD4-E935-479D-8A69-FC073E4DB33D}.Release|Any CPU.ActiveCfg = Release|Any CPU
		{E54D1AD4-E935-479D-8A69-FC073E4DB33D}.Release|Any CPU.Build.0 = Release|Any CPU
		{E700DF09-42A9-4AC7-9855-400029FBFDBE}.Debug|Any CPU.ActiveCfg = Debug|Any CPU
		{E700DF09-42A9-4AC7-9855-400029FBFDBE}.Debug|Any CPU.Build.0 = Debug|Any CPU
		{E700DF09-42A9-4AC7-9855-400029FBFDBE}.Release|Any CPU.ActiveCfg = Release|Any CPU
		{E700DF09-42A9-4AC7-9855-400029FBFDBE}.Release|Any CPU.Build.0 = Release|Any CPU
		{85E88201-049C-4E42-AE85-DFEEFA7C533C}.Debug|Any CPU.ActiveCfg = Debug|Any CPU
		{85E88201-049C-4E42-AE85-DFEEFA7C533C}.Debug|Any CPU.Build.0 = Debug|Any CPU
		{85E88201-049C-4E42-AE85-DFEEFA7C533C}.Release|Any CPU.ActiveCfg = Release|Any CPU
		{85E88201-049C-4E42-AE85-DFEEFA7C533C}.Release|Any CPU.Build.0 = Release|Any CPU
		{45777B9F-9CC1-47D7-BD66-C3C194277902}.Debug|Any CPU.ActiveCfg = Debug|Any CPU
		{45777B9F-9CC1-47D7-BD66-C3C194277902}.Debug|Any CPU.Build.0 = Debug|Any CPU
		{45777B9F-9CC1-47D7-BD66-C3C194277902}.Release|Any CPU.ActiveCfg = Release|Any CPU
		{45777B9F-9CC1-47D7-BD66-C3C194277902}.Release|Any CPU.Build.0 = Release|Any CPU
		{DFA6B905-57A3-4B31-A74B-25BA2243389F}.Debug|Any CPU.ActiveCfg = Debug|Any CPU
		{DFA6B905-57A3-4B31-A74B-25BA2243389F}.Debug|Any CPU.Build.0 = Debug|Any CPU
		{DFA6B905-57A3-4B31-A74B-25BA2243389F}.Release|Any CPU.ActiveCfg = Release|Any CPU
		{DFA6B905-57A3-4B31-A74B-25BA2243389F}.Release|Any CPU.Build.0 = Release|Any CPU
	EndGlobalSection
	GlobalSection(SolutionProperties) = preSolution
		HideSolutionNode = FALSE
	EndGlobalSection
	GlobalSection(NestedProjects) = preSolution
		{2D9BD73D-5A5E-4113-AEA9-53D059A79A41} = {46667165-BDC3-4FC2-9BC3-E4B1AEB1E05B}
		{F19716E6-41A1-4320-A819-288172CE161C} = {46667165-BDC3-4FC2-9BC3-E4B1AEB1E05B}
		{CD06AC1A-5DAA-4161-8D57-92D27C4FD911} = {63F11D46-2E6A-4B6A-B57B-CB83FFCAB63F}
		{46667165-BDC3-4FC2-9BC3-E4B1AEB1E05B} = {CD06AC1A-5DAA-4161-8D57-92D27C4FD911}
		{1F0ED7C6-3679-4288-9CEA-7B30437D3FA6} = {CD06AC1A-5DAA-4161-8D57-92D27C4FD911}
		{1E071372-7CB7-47BC-9BA2-8235F9BB09C8} = {1F0ED7C6-3679-4288-9CEA-7B30437D3FA6}
		{99C19C7C-6472-44F6-89E2-389AB6534F42} = {1F0ED7C6-3679-4288-9CEA-7B30437D3FA6}
		{2C5873D8-E908-41F2-B861-80F95280FBCA} = {46667165-BDC3-4FC2-9BC3-E4B1AEB1E05B}
		{F27A31A1-917C-4E75-B2A5-EEC55B287150} = {34272930-CFC7-4E33-9DB9-88E82AE2C046}
		{1A8A7481-2108-496B-802D-39F9C08D86F3} = {F27A31A1-917C-4E75-B2A5-EEC55B287150}
		{81221BE8-00A2-4841-B62C-9E751C298066} = {9CD9DCF4-B94A-454D-8068-1F5C7E84E1A8}
		{761212D7-B5D2-4629-98C8-88F6A24982BB} = {1F0ED7C6-3679-4288-9CEA-7B30437D3FA6}
		{9DE11F03-73A8-4DCA-88B3-1623A718DFD1} = {01EE62F3-3B99-43B0-9E99-29FA871D48E2}
		{E7C0B105-E6A4-43E4-AC0F-5D4F5CDDC395} = {63F11D46-2E6A-4B6A-B57B-CB83FFCAB63F}
		{9CD9DCF4-B94A-454D-8068-1F5C7E84E1A8} = {E7C0B105-E6A4-43E4-AC0F-5D4F5CDDC395}
		{01EE62F3-3B99-43B0-9E99-29FA871D48E2} = {E7C0B105-E6A4-43E4-AC0F-5D4F5CDDC395}
		{3F3F0E7F-594F-4006-A3EF-5E5624EF147C} = {1F0ED7C6-3679-4288-9CEA-7B30437D3FA6}
		{C8DA9E71-2F7F-4E7C-8DC7-766FF0F67196} = {46667165-BDC3-4FC2-9BC3-E4B1AEB1E05B}
		{30AB0000-148D-48BE-85DB-70D9F7BDFEC5} = {1F0ED7C6-3679-4288-9CEA-7B30437D3FA6}
		{17320A27-C039-4973-95AA-ACB3EFA1D47E} = {46667165-BDC3-4FC2-9BC3-E4B1AEB1E05B}
		{EC44EE95-8EC9-4EE5-A8A6-E6BE2F32C843} = {F27A31A1-917C-4E75-B2A5-EEC55B287150}
		{33783A04-0CB4-4CE5-A9FE-82E2E7E06D1F} = {EC44EE95-8EC9-4EE5-A8A6-E6BE2F32C843}
		{938DD23E-270E-488B-AC4C-CA68A545A8F2} = {EC44EE95-8EC9-4EE5-A8A6-E6BE2F32C843}
		{80195619-D4CF-4287-BA59-08077486BE1C} = {1A8A7481-2108-496B-802D-39F9C08D86F3}
		{50DEEF87-BC2F-4B45-B97D-B83135F12786} = {34272930-CFC7-4E33-9DB9-88E82AE2C046}
		{4D266288-D49F-46D4-90E0-667E81D6A433} = {50DEEF87-BC2F-4B45-B97D-B83135F12786}
		{FD33E535-127D-48AC-8788-0F61FA2A251C} = {4D266288-D49F-46D4-90E0-667E81D6A433}
		{D9C038B7-6A62-4945-A030-4AC7597F53CA} = {EC44EE95-8EC9-4EE5-A8A6-E6BE2F32C843}
		{E54D1AD4-E935-479D-8A69-FC073E4DB33D} = {1A8A7481-2108-496B-802D-39F9C08D86F3}
		{45777B9F-9CC1-47D7-BD66-C3C194277902} = {EC44EE95-8EC9-4EE5-A8A6-E6BE2F32C843}
		{DFA6B905-57A3-4B31-A74B-25BA2243389F} = {1A8A7481-2108-496B-802D-39F9C08D86F3}
		{96699B60-67B5-4186-9FEC-3963ED811FF0} = {50DEEF87-BC2F-4B45-B97D-B83135F12786}
	EndGlobalSection
	GlobalSection(ExtensibilityGlobals) = postSolution
		SolutionGuid = {A417E325-71BD-4C29-94F8-F21FB3F5C392}
	EndGlobalSection
EndGlobal
